// !$*UTF8*$!
{
	archiveVersion = 1;
	classes = {
	};
	objectVersion = 55;
	objects = {

/* Begin PBXBuildFile section */
		E4319EAE2801D57200D21531 /* Buses.xcdatamodeld in Sources */ = {isa = PBXBuildFile; fileRef = E4319EAC2801D57200D21531 /* Buses.xcdatamodeld */; };
		E4319EB0280413BA00D21531 /* BusArrivalv2-2.json in Resources */ = {isa = PBXBuildFile; fileRef = E4319EAF280413BA00D21531 /* BusArrivalv2-2.json */; };
		E4319EB2280413D200D21531 /* BusArrivalv2-3.json in Resources */ = {isa = PBXBuildFile; fileRef = E4319EB1280413D200D21531 /* BusArrivalv2-3.json */; };
		E4319EB4280413FA00D21531 /* JSONUtilities.swift in Sources */ = {isa = PBXBuildFile; fileRef = E4319EB3280413FA00D21531 /* JSONUtilities.swift */; };
		E4319EB6280432C300D21531 /* APIKeys.plist in Resources */ = {isa = PBXBuildFile; fileRef = E4319EB5280432C300D21531 /* APIKeys.plist */; };
		E43C8CCA27F7F45D0073F510 /* OceanSansStd-Bold.otf in Resources */ = {isa = PBXBuildFile; fileRef = E43C8CC827F7F45D0073F510 /* OceanSansStd-Bold.otf */; };
		E43C8CCB27F7F45D0073F510 /* OceanSansStd-Book.otf in Resources */ = {isa = PBXBuildFile; fileRef = E43C8CC927F7F45D0073F510 /* OceanSansStd-Book.otf */; };
		E4406AAB27EF182300819CDC /* AppDelegate.swift in Sources */ = {isa = PBXBuildFile; fileRef = E4406AAA27EF182300819CDC /* AppDelegate.swift */; };
		E4406AAD27EF182300819CDC /* SceneDelegate.swift in Sources */ = {isa = PBXBuildFile; fileRef = E4406AAC27EF182300819CDC /* SceneDelegate.swift */; };
		E4406AB227EF182300819CDC /* Main.storyboard in Resources */ = {isa = PBXBuildFile; fileRef = E4406AB027EF182300819CDC /* Main.storyboard */; };
		E4406AB727EF182500819CDC /* Assets.xcassets in Resources */ = {isa = PBXBuildFile; fileRef = E4406AB627EF182500819CDC /* Assets.xcassets */; };
		E4406ABA27EF182500819CDC /* LaunchScreen.storyboard in Resources */ = {isa = PBXBuildFile; fileRef = E4406AB827EF182500819CDC /* LaunchScreen.storyboard */; };
		E4F1FCBB2801B8EF005D400D /* BUNavigationItem.swift in Sources */ = {isa = PBXBuildFile; fileRef = E4F1FCBA2801B8EF005D400D /* BUNavigationItem.swift */; };
		E4F1FCBD2801B9AA005D400D /* BUTabBarItem.swift in Sources */ = {isa = PBXBuildFile; fileRef = E4F1FCBC2801B9AA005D400D /* BUTabBarItem.swift */; };
		E4FFCABB27F9CD5C00DCA0EC /* Localizable.strings in Resources */ = {isa = PBXBuildFile; fileRef = E4FFCABA27F9CD5C00DCA0EC /* Localizable.strings */; };
		E4FFCABD27F9CF1D00DCA0EC /* BULabel.swift in Sources */ = {isa = PBXBuildFile; fileRef = E4FFCABC27F9CF1D00DCA0EC /* BULabel.swift */; };
		E4FFCABF27F9D09600DCA0EC /* MainTabBarController.swift in Sources */ = {isa = PBXBuildFile; fileRef = E4FFCABE27F9D09600DCA0EC /* MainTabBarController.swift */; };
		E4FFCAC22801604300DCA0EC /* MapKit.framework in Frameworks */ = {isa = PBXBuildFile; fileRef = E4FFCAC12801604300DCA0EC /* MapKit.framework */; };
		E4FFCAC52801627700DCA0EC /* BABusStop.swift in Sources */ = {isa = PBXBuildFile; fileRef = E4FFCAC42801627700DCA0EC /* BABusStop.swift */; };
		E4FFCAC72801627D00DCA0EC /* BABusService.swift in Sources */ = {isa = PBXBuildFile; fileRef = E4FFCAC62801627D00DCA0EC /* BABusService.swift */; };
		E4FFCAC92801631800DCA0EC /* BABusOnRoad.swift in Sources */ = {isa = PBXBuildFile; fileRef = E4FFCAC82801631800DCA0EC /* BABusOnRoad.swift */; };
		E4FFCACB2801703600DCA0EC /* FavoritesCollectionViewController.swift in Sources */ = {isa = PBXBuildFile; fileRef = E4FFCACA2801703600DCA0EC /* FavoritesCollectionViewController.swift */; };
		E4FFCACE28018B3500DCA0EC /* BusArrivalv2-1.json in Resources */ = {isa = PBXBuildFile; fileRef = E4FFCACD28018B3500DCA0EC /* BusArrivalv2-1.json */; };
		E4FFCAD028019F8D00DCA0EC /* BABusStopCarouselCellContentConfiguration.swift in Sources */ = {isa = PBXBuildFile; fileRef = E4FFCACF28019F8D00DCA0EC /* BABusStopCarouselCellContentConfiguration.swift */; };
		E4FFCAD42801A08A00DCA0EC /* BABusStopCarouselCellContentView.swift in Sources */ = {isa = PBXBuildFile; fileRef = E4FFCAD32801A08A00DCA0EC /* BABusStopCarouselCellContentView.swift */; };
		E4FFCAD62801A5AA00DCA0EC /* BABusStopCellContentConfiguration.swift in Sources */ = {isa = PBXBuildFile; fileRef = E4FFCAD52801A5AA00DCA0EC /* BABusStopCellContentConfiguration.swift */; };
		E4FFCAD82801A5BE00DCA0EC /* BABusStopCellContentView.swift in Sources */ = {isa = PBXBuildFile; fileRef = E4FFCAD72801A5BE00DCA0EC /* BABusStopCellContentView.swift */; };
		E4FFCADB2801B23300DCA0EC /* DateUtilities.swift in Sources */ = {isa = PBXBuildFile; fileRef = E4FFCADA2801B23300DCA0EC /* DateUtilities.swift */; };
		E4FFCADD2801B61F00DCA0EC /* NearbyViewController.swift in Sources */ = {isa = PBXBuildFile; fileRef = E4FFCADC2801B61F00DCA0EC /* NearbyViewController.swift */; };
/* End PBXBuildFile section */

/* Begin PBXCopyFilesBuildPhase section */
		E4A68D6A27F7EF9600D3A6B2 /* Embed Frameworks */ = {
			isa = PBXCopyFilesBuildPhase;
			buildActionMask = 2147483647;
			dstPath = "";
			dstSubfolderSpec = 10;
			files = (
			);
			name = "Embed Frameworks";
			runOnlyForDeploymentPostprocessing = 0;
		};
/* End PBXCopyFilesBuildPhase section */

/* Begin PBXFileReference section */
		E4319EAD2801D57200D21531 /* Buses.xcdatamodel */ = {isa = PBXFileReference; lastKnownFileType = wrapper.xcdatamodel; path = Buses.xcdatamodel; sourceTree = "<group>"; };
		E4319EAF280413BA00D21531 /* BusArrivalv2-2.json */ = {isa = PBXFileReference; lastKnownFileType = text.json; path = "BusArrivalv2-2.json"; sourceTree = "<group>"; };
		E4319EB1280413D200D21531 /* BusArrivalv2-3.json */ = {isa = PBXFileReference; lastKnownFileType = text.json; path = "BusArrivalv2-3.json"; sourceTree = "<group>"; };
		E4319EB3280413FA00D21531 /* JSONUtilities.swift */ = {isa = PBXFileReference; lastKnownFileType = sourcecode.swift; path = JSONUtilities.swift; sourceTree = "<group>"; };
		E4319EB5280432C300D21531 /* APIKeys.plist */ = {isa = PBXFileReference; lastKnownFileType = text.plist.xml; path = APIKeys.plist; sourceTree = "<group>"; };
		E4319EB7280433B000D21531 /* APIKeys-Sample.plist */ = {isa = PBXFileReference; lastKnownFileType = text.plist.xml; path = "APIKeys-Sample.plist"; sourceTree = "<group>"; };
		E43C8CC827F7F45D0073F510 /* OceanSansStd-Bold.otf */ = {isa = PBXFileReference; lastKnownFileType = file; path = "OceanSansStd-Bold.otf"; sourceTree = "<group>"; };
		E43C8CC927F7F45D0073F510 /* OceanSansStd-Book.otf */ = {isa = PBXFileReference; lastKnownFileType = file; path = "OceanSansStd-Book.otf"; sourceTree = "<group>"; };
		E4406AA827EF182300819CDC /* Buses.app */ = {isa = PBXFileReference; explicitFileType = wrapper.application; includeInIndex = 0; path = Buses.app; sourceTree = BUILT_PRODUCTS_DIR; };
		E4406AAA27EF182300819CDC /* AppDelegate.swift */ = {isa = PBXFileReference; lastKnownFileType = sourcecode.swift; path = AppDelegate.swift; sourceTree = "<group>"; };
		E4406AAC27EF182300819CDC /* SceneDelegate.swift */ = {isa = PBXFileReference; lastKnownFileType = sourcecode.swift; path = SceneDelegate.swift; sourceTree = "<group>"; };
		E4406AB127EF182300819CDC /* Base */ = {isa = PBXFileReference; lastKnownFileType = file.storyboard; name = Base; path = Base.lproj/Main.storyboard; sourceTree = "<group>"; };
		E4406AB627EF182500819CDC /* Assets.xcassets */ = {isa = PBXFileReference; lastKnownFileType = folder.assetcatalog; path = Assets.xcassets; sourceTree = "<group>"; };
		E4406AB927EF182500819CDC /* Base */ = {isa = PBXFileReference; lastKnownFileType = file.storyboard; name = Base; path = Base.lproj/LaunchScreen.storyboard; sourceTree = "<group>"; };
		E4406ABB27EF182500819CDC /* Info.plist */ = {isa = PBXFileReference; lastKnownFileType = text.plist.xml; path = Info.plist; sourceTree = "<group>"; };
		E4F1FCBA2801B8EF005D400D /* BUNavigationItem.swift */ = {isa = PBXFileReference; lastKnownFileType = sourcecode.swift; path = BUNavigationItem.swift; sourceTree = "<group>"; };
		E4F1FCBC2801B9AA005D400D /* BUTabBarItem.swift */ = {isa = PBXFileReference; lastKnownFileType = sourcecode.swift; path = BUTabBarItem.swift; sourceTree = "<group>"; };
		E4FFCABA27F9CD5C00DCA0EC /* Localizable.strings */ = {isa = PBXFileReference; lastKnownFileType = text.plist.strings; path = Localizable.strings; sourceTree = "<group>"; };
		E4FFCABC27F9CF1D00DCA0EC /* BULabel.swift */ = {isa = PBXFileReference; lastKnownFileType = sourcecode.swift; path = BULabel.swift; sourceTree = "<group>"; };
		E4FFCABE27F9D09600DCA0EC /* MainTabBarController.swift */ = {isa = PBXFileReference; lastKnownFileType = sourcecode.swift; path = MainTabBarController.swift; sourceTree = "<group>"; };
		E4FFCAC12801604300DCA0EC /* MapKit.framework */ = {isa = PBXFileReference; lastKnownFileType = wrapper.framework; name = MapKit.framework; path = System/Library/Frameworks/MapKit.framework; sourceTree = SDKROOT; };
		E4FFCAC42801627700DCA0EC /* BABusStop.swift */ = {isa = PBXFileReference; lastKnownFileType = sourcecode.swift; path = BABusStop.swift; sourceTree = "<group>"; };
		E4FFCAC62801627D00DCA0EC /* BABusService.swift */ = {isa = PBXFileReference; lastKnownFileType = sourcecode.swift; path = BABusService.swift; sourceTree = "<group>"; };
		E4FFCAC82801631800DCA0EC /* BABusOnRoad.swift */ = {isa = PBXFileReference; lastKnownFileType = sourcecode.swift; path = BABusOnRoad.swift; sourceTree = "<group>"; };
		E4FFCACA2801703600DCA0EC /* FavoritesCollectionViewController.swift */ = {isa = PBXFileReference; lastKnownFileType = sourcecode.swift; path = FavoritesCollectionViewController.swift; sourceTree = "<group>"; };
		E4FFCACD28018B3500DCA0EC /* BusArrivalv2-1.json */ = {isa = PBXFileReference; lastKnownFileType = text.json; path = "BusArrivalv2-1.json"; sourceTree = "<group>"; };
		E4FFCACF28019F8D00DCA0EC /* BABusStopCarouselCellContentConfiguration.swift */ = {isa = PBXFileReference; lastKnownFileType = sourcecode.swift; path = BABusStopCarouselCellContentConfiguration.swift; sourceTree = "<group>"; };
		E4FFCAD32801A08A00DCA0EC /* BABusStopCarouselCellContentView.swift */ = {isa = PBXFileReference; lastKnownFileType = sourcecode.swift; path = BABusStopCarouselCellContentView.swift; sourceTree = "<group>"; };
		E4FFCAD52801A5AA00DCA0EC /* BABusStopCellContentConfiguration.swift */ = {isa = PBXFileReference; lastKnownFileType = sourcecode.swift; path = BABusStopCellContentConfiguration.swift; sourceTree = "<group>"; };
		E4FFCAD72801A5BE00DCA0EC /* BABusStopCellContentView.swift */ = {isa = PBXFileReference; lastKnownFileType = sourcecode.swift; path = BABusStopCellContentView.swift; sourceTree = "<group>"; };
		E4FFCADA2801B23300DCA0EC /* DateUtilities.swift */ = {isa = PBXFileReference; lastKnownFileType = sourcecode.swift; path = DateUtilities.swift; sourceTree = "<group>"; };
		E4FFCADC2801B61F00DCA0EC /* NearbyViewController.swift */ = {isa = PBXFileReference; lastKnownFileType = sourcecode.swift; path = NearbyViewController.swift; sourceTree = "<group>"; };
/* End PBXFileReference section */

/* Begin PBXFrameworksBuildPhase section */
		E4406AA527EF182300819CDC /* Frameworks */ = {
			isa = PBXFrameworksBuildPhase;
			buildActionMask = 2147483647;
			files = (
				E4FFCAC22801604300DCA0EC /* MapKit.framework in Frameworks */,
			);
			runOnlyForDeploymentPostprocessing = 0;
		};
/* End PBXFrameworksBuildPhase section */

/* Begin PBXGroup section */
		E43C8CCF27F9390E0073F510 /* Assets */ = {
			isa = PBXGroup;
			children = (
				E4406AB627EF182500819CDC /* Assets.xcassets */,
				E43C8CC827F7F45D0073F510 /* OceanSansStd-Bold.otf */,
				E43C8CC927F7F45D0073F510 /* OceanSansStd-Book.otf */,
				E4FFCABA27F9CD5C00DCA0EC /* Localizable.strings */,
				E4319EAC2801D57200D21531 /* Buses.xcdatamodeld */,
			);
			name = Assets;
			sourceTree = "<group>";
		};
		E4406A6927EF13E300819CDC = {
			isa = PBXGroup;
			children = (
				E4406AA927EF182300819CDC /* Buses */,
				E4406A7327EF13E300819CDC /* Products */,
				E4FFCAC02801604300DCA0EC /* Frameworks */,
			);
			sourceTree = "<group>";
		};
		E4406A7327EF13E300819CDC /* Products */ = {
			isa = PBXGroup;
			children = (
				E4406AA827EF182300819CDC /* Buses.app */,
			);
			name = Products;
			sourceTree = "<group>";
		};
		E4406AA927EF182300819CDC /* Buses */ = {
			isa = PBXGroup;
			children = (
				E4406ABB27EF182500819CDC /* Info.plist */,
				E43C8CCF27F9390E0073F510 /* Assets */,
				E4FFCACC28018B1A00DCA0EC /* Sample Data */,
				E4406AAA27EF182300819CDC /* AppDelegate.swift */,
				E4406AAC27EF182300819CDC /* SceneDelegate.swift */,
				E4406AB827EF182500819CDC /* LaunchScreen.storyboard */,
				E4406AB027EF182300819CDC /* Main.storyboard */,
				E4FFCAB727F94DE600DCA0EC /* View Controllers */,
				E4FFCAC32801626200DCA0EC /* Structs */,
				E4FFCAD22801A07700DCA0EC /* UI */,
				E4FFCAD92801B22700DCA0EC /* Utilities */,
				E4319EB5280432C300D21531 /* APIKeys.plist */,
				E4319EB7280433B000D21531 /* APIKeys-Sample.plist */,
			);
			path = Buses;
			sourceTree = "<group>";
		};
		E4FFCAB727F94DE600DCA0EC /* View Controllers */ = {
			isa = PBXGroup;
			children = (
				E4FFCABE27F9D09600DCA0EC /* MainTabBarController.swift */,
				E4FFCADC2801B61F00DCA0EC /* NearbyViewController.swift */,
				E4FFCACA2801703600DCA0EC /* FavoritesCollectionViewController.swift */,
			);
			path = "View Controllers";
			sourceTree = "<group>";
		};
		E4FFCAC02801604300DCA0EC /* Frameworks */ = {
			isa = PBXGroup;
			children = (
				E4FFCAC12801604300DCA0EC /* MapKit.framework */,
			);
			name = Frameworks;
			sourceTree = "<group>";
		};
		E4FFCAC32801626200DCA0EC /* Structs */ = {
			isa = PBXGroup;
			children = (
				E4FFCAC42801627700DCA0EC /* BABusStop.swift */,
				E4FFCAC62801627D00DCA0EC /* BABusService.swift */,
				E4FFCAC82801631800DCA0EC /* BABusOnRoad.swift */,
			);
			path = Structs;
			sourceTree = "<group>";
		};
		E4FFCACC28018B1A00DCA0EC /* Sample Data */ = {
			isa = PBXGroup;
			children = (
				E4FFCACD28018B3500DCA0EC /* BusArrivalv2-1.json */,
				E4319EAF280413BA00D21531 /* BusArrivalv2-2.json */,
				E4319EB1280413D200D21531 /* BusArrivalv2-3.json */,
			);
			path = "Sample Data";
			sourceTree = "<group>";
		};
		E4FFCAD12801A05B00DCA0EC /* Bus Service Carousel */ = {
			isa = PBXGroup;
			children = (
				E4FFCACF28019F8D00DCA0EC /* BABusStopCarouselCellContentConfiguration.swift */,
				E4FFCAD32801A08A00DCA0EC /* BABusStopCarouselCellContentView.swift */,
				E4FFCAD52801A5AA00DCA0EC /* BABusStopCellContentConfiguration.swift */,
				E4FFCAD72801A5BE00DCA0EC /* BABusStopCellContentView.swift */,
			);
			path = "Bus Service Carousel";
			sourceTree = "<group>";
		};
		E4FFCAD22801A07700DCA0EC /* UI */ = {
			isa = PBXGroup;
			children = (
				E4FFCABC27F9CF1D00DCA0EC /* BULabel.swift */,
				E4F1FCBA2801B8EF005D400D /* BUNavigationItem.swift */,
				E4F1FCBC2801B9AA005D400D /* BUTabBarItem.swift */,
				E4FFCAD12801A05B00DCA0EC /* Bus Service Carousel */,
			);
			path = UI;
			sourceTree = "<group>";
		};
		E4FFCAD92801B22700DCA0EC /* Utilities */ = {
			isa = PBXGroup;
			children = (
				E4FFCADA2801B23300DCA0EC /* DateUtilities.swift */,
				E4319EB3280413FA00D21531 /* JSONUtilities.swift */,
			);
			path = Utilities;
			sourceTree = "<group>";
		};
/* End PBXGroup section */

/* Begin PBXNativeTarget section */
		E4406AA727EF182300819CDC /* Buses */ = {
			isa = PBXNativeTarget;
			buildConfigurationList = E4406AD227EF182500819CDC /* Build configuration list for PBXNativeTarget "Buses" */;
			buildPhases = (
				E4406AA427EF182300819CDC /* Sources */,
				E4406AA527EF182300819CDC /* Frameworks */,
				E4406AA627EF182300819CDC /* Resources */,
				E4A68D6A27F7EF9600D3A6B2 /* Embed Frameworks */,
			);
			buildRules = (
			);
			dependencies = (
			);
			name = Buses;
			productName = Buses;
			productReference = E4406AA827EF182300819CDC /* Buses.app */;
			productType = "com.apple.product-type.application";
		};
/* End PBXNativeTarget section */

/* Begin PBXProject section */
		E4406A6A27EF13E300819CDC /* Project object */ = {
			isa = PBXProject;
			attributes = {
				BuildIndependentTargetsInParallel = 1;
				LastSwiftUpdateCheck = 1330;
				LastUpgradeCheck = 1330;
				TargetAttributes = {
					E4406AA727EF182300819CDC = {
						CreatedOnToolsVersion = 13.3;
					};
				};
			};
			buildConfigurationList = E4406A6D27EF13E300819CDC /* Build configuration list for PBXProject "Buses 2" */;
			compatibilityVersion = "Xcode 13.0";
			developmentRegion = en;
			hasScannedForEncodings = 0;
			knownRegions = (
				en,
				Base,
			);
			mainGroup = E4406A6927EF13E300819CDC;
			productRefGroup = E4406A7327EF13E300819CDC /* Products */;
			projectDirPath = "";
			projectRoot = "";
			targets = (
				E4406AA727EF182300819CDC /* Buses */,
			);
		};
/* End PBXProject section */

/* Begin PBXResourcesBuildPhase section */
		E4406AA627EF182300819CDC /* Resources */ = {
			isa = PBXResourcesBuildPhase;
			buildActionMask = 2147483647;
			files = (
				E43C8CCB27F7F45D0073F510 /* OceanSansStd-Book.otf in Resources */,
				E4319EB6280432C300D21531 /* APIKeys.plist in Resources */,
				E4FFCACE28018B3500DCA0EC /* BusArrivalv2-1.json in Resources */,
				E4FFCABB27F9CD5C00DCA0EC /* Localizable.strings in Resources */,
				E43C8CCA27F7F45D0073F510 /* OceanSansStd-Bold.otf in Resources */,
				E4406ABA27EF182500819CDC /* LaunchScreen.storyboard in Resources */,
				E4319EB0280413BA00D21531 /* BusArrivalv2-2.json in Resources */,
				E4406AB727EF182500819CDC /* Assets.xcassets in Resources */,
				E4406AB227EF182300819CDC /* Main.storyboard in Resources */,
				E4319EB2280413D200D21531 /* BusArrivalv2-3.json in Resources */,
			);
			runOnlyForDeploymentPostprocessing = 0;
		};
/* End PBXResourcesBuildPhase section */

/* Begin PBXSourcesBuildPhase section */
		E4406AA427EF182300819CDC /* Sources */ = {
			isa = PBXSourcesBuildPhase;
			buildActionMask = 2147483647;
			files = (
				E4FFCAD42801A08A00DCA0EC /* BABusStopCarouselCellContentView.swift in Sources */,
				E4FFCAC72801627D00DCA0EC /* BABusService.swift in Sources */,
				E4FFCAC52801627700DCA0EC /* BABusStop.swift in Sources */,
				E4406AAB27EF182300819CDC /* AppDelegate.swift in Sources */,
				E4319EAE2801D57200D21531 /* Buses.xcdatamodeld in Sources */,
				E4FFCABF27F9D09600DCA0EC /* MainTabBarController.swift in Sources */,
				E4FFCACB2801703600DCA0EC /* FavoritesCollectionViewController.swift in Sources */,
				E4FFCAD028019F8D00DCA0EC /* BABusStopCarouselCellContentConfiguration.swift in Sources */,
				E4319EB4280413FA00D21531 /* JSONUtilities.swift in Sources */,
				E4F1FCBB2801B8EF005D400D /* BUNavigationItem.swift in Sources */,
				E4FFCAD62801A5AA00DCA0EC /* BABusStopCellContentConfiguration.swift in Sources */,
				E4FFCABD27F9CF1D00DCA0EC /* BULabel.swift in Sources */,
				E4FFCADD2801B61F00DCA0EC /* NearbyViewController.swift in Sources */,
				E4FFCAD82801A5BE00DCA0EC /* BABusStopCellContentView.swift in Sources */,
				E4406AAD27EF182300819CDC /* SceneDelegate.swift in Sources */,
				E4FFCAC92801631800DCA0EC /* BABusOnRoad.swift in Sources */,
				E4FFCADB2801B23300DCA0EC /* DateUtilities.swift in Sources */,
				E4F1FCBD2801B9AA005D400D /* BUTabBarItem.swift in Sources */,
			);
			runOnlyForDeploymentPostprocessing = 0;
		};
/* End PBXSourcesBuildPhase section */

/* Begin PBXVariantGroup section */
		E4406AB027EF182300819CDC /* Main.storyboard */ = {
			isa = PBXVariantGroup;
			children = (
				E4406AB127EF182300819CDC /* Base */,
			);
			name = Main.storyboard;
			sourceTree = "<group>";
		};
		E4406AB827EF182500819CDC /* LaunchScreen.storyboard */ = {
			isa = PBXVariantGroup;
			children = (
				E4406AB927EF182500819CDC /* Base */,
			);
			name = LaunchScreen.storyboard;
			sourceTree = "<group>";
		};
/* End PBXVariantGroup section */

/* Begin XCBuildConfiguration section */
		E4406A9927EF13E600819CDC /* Debug */ = {
			isa = XCBuildConfiguration;
			buildSettings = {
				ALWAYS_SEARCH_USER_PATHS = NO;
				CLANG_ANALYZER_NONNULL = YES;
				CLANG_ANALYZER_NUMBER_OBJECT_CONVERSION = YES_AGGRESSIVE;
				CLANG_CXX_LANGUAGE_STANDARD = "gnu++17";
				CLANG_ENABLE_MODULES = YES;
				CLANG_ENABLE_OBJC_ARC = YES;
				CLANG_ENABLE_OBJC_WEAK = YES;
				CLANG_WARN_BLOCK_CAPTURE_AUTORELEASING = YES;
				CLANG_WARN_BOOL_CONVERSION = YES;
				CLANG_WARN_COMMA = YES;
				CLANG_WARN_CONSTANT_CONVERSION = YES;
				CLANG_WARN_DEPRECATED_OBJC_IMPLEMENTATIONS = YES;
				CLANG_WARN_DIRECT_OBJC_ISA_USAGE = YES_ERROR;
				CLANG_WARN_DOCUMENTATION_COMMENTS = YES;
				CLANG_WARN_EMPTY_BODY = YES;
				CLANG_WARN_ENUM_CONVERSION = YES;
				CLANG_WARN_INFINITE_RECURSION = YES;
				CLANG_WARN_INT_CONVERSION = YES;
				CLANG_WARN_NON_LITERAL_NULL_CONVERSION = YES;
				CLANG_WARN_OBJC_IMPLICIT_RETAIN_SELF = YES;
				CLANG_WARN_OBJC_LITERAL_CONVERSION = YES;
				CLANG_WARN_OBJC_ROOT_CLASS = YES_ERROR;
				CLANG_WARN_QUOTED_INCLUDE_IN_FRAMEWORK_HEADER = YES;
				CLANG_WARN_RANGE_LOOP_ANALYSIS = YES;
				CLANG_WARN_STRICT_PROTOTYPES = YES;
				CLANG_WARN_SUSPICIOUS_MOVE = YES;
				CLANG_WARN_UNGUARDED_AVAILABILITY = YES_AGGRESSIVE;
				CLANG_WARN_UNREACHABLE_CODE = YES;
				CLANG_WARN__DUPLICATE_METHOD_MATCH = YES;
				COPY_PHASE_STRIP = NO;
				DEBUG_INFORMATION_FORMAT = dwarf;
				ENABLE_STRICT_OBJC_MSGSEND = YES;
				ENABLE_TESTABILITY = YES;
				GCC_C_LANGUAGE_STANDARD = gnu11;
				GCC_DYNAMIC_NO_PIC = NO;
				GCC_NO_COMMON_BLOCKS = YES;
				GCC_OPTIMIZATION_LEVEL = 0;
				GCC_PREPROCESSOR_DEFINITIONS = (
					"DEBUG=1",
					"$(inherited)",
				);
				GCC_WARN_64_TO_32_BIT_CONVERSION = YES;
				GCC_WARN_ABOUT_RETURN_TYPE = YES_ERROR;
				GCC_WARN_UNDECLARED_SELECTOR = YES;
				GCC_WARN_UNINITIALIZED_AUTOS = YES_AGGRESSIVE;
				GCC_WARN_UNUSED_FUNCTION = YES;
				GCC_WARN_UNUSED_VARIABLE = YES;
				IPHONEOS_DEPLOYMENT_TARGET = 15.4;
				MTL_ENABLE_DEBUG_INFO = INCLUDE_SOURCE;
				MTL_FAST_MATH = YES;
				ONLY_ACTIVE_ARCH = YES;
				SDKROOT = iphoneos;
				SWIFT_ACTIVE_COMPILATION_CONDITIONS = DEBUG;
				SWIFT_OPTIMIZATION_LEVEL = "-Onone";
			};
			name = Debug;
		};
		E4406A9A27EF13E600819CDC /* Release */ = {
			isa = XCBuildConfiguration;
			buildSettings = {
				ALWAYS_SEARCH_USER_PATHS = NO;
				CLANG_ANALYZER_NONNULL = YES;
				CLANG_ANALYZER_NUMBER_OBJECT_CONVERSION = YES_AGGRESSIVE;
				CLANG_CXX_LANGUAGE_STANDARD = "gnu++17";
				CLANG_ENABLE_MODULES = YES;
				CLANG_ENABLE_OBJC_ARC = YES;
				CLANG_ENABLE_OBJC_WEAK = YES;
				CLANG_WARN_BLOCK_CAPTURE_AUTORELEASING = YES;
				CLANG_WARN_BOOL_CONVERSION = YES;
				CLANG_WARN_COMMA = YES;
				CLANG_WARN_CONSTANT_CONVERSION = YES;
				CLANG_WARN_DEPRECATED_OBJC_IMPLEMENTATIONS = YES;
				CLANG_WARN_DIRECT_OBJC_ISA_USAGE = YES_ERROR;
				CLANG_WARN_DOCUMENTATION_COMMENTS = YES;
				CLANG_WARN_EMPTY_BODY = YES;
				CLANG_WARN_ENUM_CONVERSION = YES;
				CLANG_WARN_INFINITE_RECURSION = YES;
				CLANG_WARN_INT_CONVERSION = YES;
				CLANG_WARN_NON_LITERAL_NULL_CONVERSION = YES;
				CLANG_WARN_OBJC_IMPLICIT_RETAIN_SELF = YES;
				CLANG_WARN_OBJC_LITERAL_CONVERSION = YES;
				CLANG_WARN_OBJC_ROOT_CLASS = YES_ERROR;
				CLANG_WARN_QUOTED_INCLUDE_IN_FRAMEWORK_HEADER = YES;
				CLANG_WARN_RANGE_LOOP_ANALYSIS = YES;
				CLANG_WARN_STRICT_PROTOTYPES = YES;
				CLANG_WARN_SUSPICIOUS_MOVE = YES;
				CLANG_WARN_UNGUARDED_AVAILABILITY = YES_AGGRESSIVE;
				CLANG_WARN_UNREACHABLE_CODE = YES;
				CLANG_WARN__DUPLICATE_METHOD_MATCH = YES;
				COPY_PHASE_STRIP = NO;
				DEBUG_INFORMATION_FORMAT = "dwarf-with-dsym";
				ENABLE_NS_ASSERTIONS = NO;
				ENABLE_STRICT_OBJC_MSGSEND = YES;
				GCC_C_LANGUAGE_STANDARD = gnu11;
				GCC_NO_COMMON_BLOCKS = YES;
				GCC_WARN_64_TO_32_BIT_CONVERSION = YES;
				GCC_WARN_ABOUT_RETURN_TYPE = YES_ERROR;
				GCC_WARN_UNDECLARED_SELECTOR = YES;
				GCC_WARN_UNINITIALIZED_AUTOS = YES_AGGRESSIVE;
				GCC_WARN_UNUSED_FUNCTION = YES;
				GCC_WARN_UNUSED_VARIABLE = YES;
				IPHONEOS_DEPLOYMENT_TARGET = 15.4;
				MTL_ENABLE_DEBUG_INFO = NO;
				MTL_FAST_MATH = YES;
				SDKROOT = iphoneos;
				SWIFT_COMPILATION_MODE = wholemodule;
				SWIFT_OPTIMIZATION_LEVEL = "-O";
				VALIDATE_PRODUCT = YES;
			};
			name = Release;
		};
		E4406AD327EF182500819CDC /* Debug */ = {
			isa = XCBuildConfiguration;
			buildSettings = {
				ASSETCATALOG_COMPILER_APPICON_NAME = AppIcon;
				ASSETCATALOG_COMPILER_GLOBAL_ACCENT_COLOR_NAME = AccentColor;
				CODE_SIGN_STYLE = Automatic;
				CURRENT_PROJECT_VERSION = 1;
				DEVELOPMENT_TEAM = YYM4Z6MU8F;
				GENERATE_INFOPLIST_FILE = YES;
				INFOPLIST_FILE = Buses/Info.plist;
				INFOPLIST_KEY_NSLocationUsageDescription = "Buses uses your location to look for bus stops nearby.";
				INFOPLIST_KEY_NSLocationWhenInUseUsageDescription = "Buses uses your location to look for bus stops nearby.";
				INFOPLIST_KEY_UIApplicationSupportsIndirectInputEvents = YES;
				INFOPLIST_KEY_UILaunchStoryboardName = LaunchScreen;
				INFOPLIST_KEY_UIMainStoryboardFile = Main;
				INFOPLIST_KEY_UISupportedInterfaceOrientations = UIInterfaceOrientationPortrait;
				INFOPLIST_KEY_UISupportedInterfaceOrientations_iPad = "UIInterfaceOrientationPortrait UIInterfaceOrientationPortraitUpsideDown UIInterfaceOrientationLandscapeLeft UIInterfaceOrientationLandscapeRight";
				INFOPLIST_KEY_UISupportedInterfaceOrientations_iPhone = "UIInterfaceOrientationPortrait UIInterfaceOrientationLandscapeLeft UIInterfaceOrientationLandscapeRight";
				IPHONEOS_DEPLOYMENT_TARGET = 15.0;
				LD_RUNPATH_SEARCH_PATHS = (
					"$(inherited)",
					"@executable_path/Frameworks",
				);
				MARKETING_VERSION = 1.0;
				PRODUCT_BUNDLE_IDENTIFIER = com.tsubuzaki.Tsugi2;
				PRODUCT_NAME = "$(TARGET_NAME)";
				SWIFT_EMIT_LOC_STRINGS = YES;
				SWIFT_VERSION = 5.0;
				TARGETED_DEVICE_FAMILY = 1;
			};
			name = Debug;
		};
		E4406AD427EF182500819CDC /* Release */ = {
			isa = XCBuildConfiguration;
			buildSettings = {
				ASSETCATALOG_COMPILER_APPICON_NAME = AppIcon;
				ASSETCATALOG_COMPILER_GLOBAL_ACCENT_COLOR_NAME = AccentColor;
				CODE_SIGN_STYLE = Automatic;
				CURRENT_PROJECT_VERSION = 1;
				DEVELOPMENT_TEAM = YYM4Z6MU8F;
				GENERATE_INFOPLIST_FILE = YES;
				INFOPLIST_FILE = Buses/Info.plist;
				INFOPLIST_KEY_NSLocationUsageDescription = "Buses uses your location to look for bus stops nearby.";
				INFOPLIST_KEY_NSLocationWhenInUseUsageDescription = "Buses uses your location to look for bus stops nearby.";
				INFOPLIST_KEY_UIApplicationSupportsIndirectInputEvents = YES;
				INFOPLIST_KEY_UILaunchStoryboardName = LaunchScreen;
				INFOPLIST_KEY_UIMainStoryboardFile = Main;
				INFOPLIST_KEY_UISupportedInterfaceOrientations = UIInterfaceOrientationPortrait;
				INFOPLIST_KEY_UISupportedInterfaceOrientations_iPad = "UIInterfaceOrientationPortrait UIInterfaceOrientationPortraitUpsideDown UIInterfaceOrientationLandscapeLeft UIInterfaceOrientationLandscapeRight";
				INFOPLIST_KEY_UISupportedInterfaceOrientations_iPhone = "UIInterfaceOrientationPortrait UIInterfaceOrientationLandscapeLeft UIInterfaceOrientationLandscapeRight";
				IPHONEOS_DEPLOYMENT_TARGET = 15.0;
				LD_RUNPATH_SEARCH_PATHS = (
					"$(inherited)",
					"@executable_path/Frameworks",
				);
				MARKETING_VERSION = 1.0;
				PRODUCT_BUNDLE_IDENTIFIER = com.tsubuzaki.Tsugi2;
				PRODUCT_NAME = "$(TARGET_NAME)";
				SWIFT_EMIT_LOC_STRINGS = YES;
				SWIFT_VERSION = 5.0;
				TARGETED_DEVICE_FAMILY = 1;
			};
			name = Release;
		};
/* End XCBuildConfiguration section */

/* Begin XCConfigurationList section */
		E4406A6D27EF13E300819CDC /* Build configuration list for PBXProject "Buses 2" */ = {
			isa = XCConfigurationList;
			buildConfigurations = (
				E4406A9927EF13E600819CDC /* Debug */,
				E4406A9A27EF13E600819CDC /* Release */,
			);
			defaultConfigurationIsVisible = 0;
			defaultConfigurationName = Release;
		};
		E4406AD227EF182500819CDC /* Build configuration list for PBXNativeTarget "Buses" */ = {
			isa = XCConfigurationList;
			buildConfigurations = (
				E4406AD327EF182500819CDC /* Debug */,
				E4406AD427EF182500819CDC /* Release */,
			);
			defaultConfigurationIsVisible = 0;
			defaultConfigurationName = Release;
		};
/* End XCConfigurationList section */

/* Begin XCVersionGroup section */
		E4319EAC2801D57200D21531 /* Buses.xcdatamodeld */ = {
			isa = XCVersionGroup;
			children = (
				E4319EAD2801D57200D21531 /* Buses.xcdatamodel */,
			);
			currentVersion = E4319EAD2801D57200D21531 /* Buses.xcdatamodel */;
			path = Buses.xcdatamodeld;
			sourceTree = "<group>";
			versionGroupType = wrapper.xcdatamodel;
		};
/* End XCVersionGroup section */
	};
	rootObject = E4406A6A27EF13E300819CDC /* Project object */;
}
