// !$*UTF8*$!
{
	archiveVersion = 1;
	classes = {
	};
	objectVersion = 55;
	objects = {

/* Begin PBXBuildFile section */
		D0011E1F285D75FE00742687 /* Favorites.xcdatamodeld in Sources */ = {isa = PBXBuildFile; fileRef = D0011E1D285D75FE00742687 /* Favorites.xcdatamodeld */; };
		D0011E21285D770000742687 /* FavoritesManager.swift in Sources */ = {isa = PBXBuildFile; fileRef = D0011E20285D770000742687 /* FavoritesManager.swift */; };
		D0011E23285D78D300742687 /* FavoriteList.swift in Sources */ = {isa = PBXBuildFile; fileRef = D0011E22285D78D300742687 /* FavoriteList.swift */; };
		D0011E29285D828800742687 /* FavoriteLocationCarouselView.swift in Sources */ = {isa = PBXBuildFile; fileRef = D0011E28285D828800742687 /* FavoriteLocationCarouselView.swift */; };
		E407BC96285818490054893A /* MoreAttributionView.swift in Sources */ = {isa = PBXBuildFile; fileRef = E407BC95285818490054893A /* MoreAttributionView.swift */; };
		E407BC98285818A70054893A /* MoreStartupTabView.swift in Sources */ = {isa = PBXBuildFile; fileRef = E407BC97285818A70054893A /* MoreStartupTabView.swift */; };
		E41C1B98285706AB003F1BFB /* RoundedCornersShape.swift in Sources */ = {isa = PBXBuildFile; fileRef = E41C1B97285706AB003F1BFB /* RoundedCornersShape.swift */; };
		E41C1B9A285706BE003F1BFB /* Coordinate.swift in Sources */ = {isa = PBXBuildFile; fileRef = E41C1B99285706BE003F1BFB /* Coordinate.swift */; };
		E41C1B9C28570CA1003F1BFB /* CoordinateList.swift in Sources */ = {isa = PBXBuildFile; fileRef = E41C1B9B28570CA1003F1BFB /* CoordinateList.swift */; };
		E41C1B9E285806A4003F1BFB /* BusNumberPlateView.swift in Sources */ = {isa = PBXBuildFile; fileRef = E41C1B9D285806A4003F1BFB /* BusNumberPlateView.swift */; };
		E42C823C2856C8C900D64DF9 /* Purple@2x.png in Resources */ = {isa = PBXBuildFile; fileRef = E42C82382856C8C900D64DF9 /* Purple@2x.png */; };
		E42C823D2856C8C900D64DF9 /* Purple@3x.png in Resources */ = {isa = PBXBuildFile; fileRef = E42C82392856C8C900D64DF9 /* Purple@3x.png */; };
		E42C823E2856C8C900D64DF9 /* Purple@3x~ipad.png in Resources */ = {isa = PBXBuildFile; fileRef = E42C823A2856C8C900D64DF9 /* Purple@3x~ipad.png */; };
		E42C823F2856C8C900D64DF9 /* Purple@2x~ipad.png in Resources */ = {isa = PBXBuildFile; fileRef = E42C823B2856C8C900D64DF9 /* Purple@2x~ipad.png */; };
		E42C82442856C8FE00D64DF9 /* Red@2x.png in Resources */ = {isa = PBXBuildFile; fileRef = E42C82402856C8FD00D64DF9 /* Red@2x.png */; };
		E42C82452856C8FE00D64DF9 /* Red@3x.png in Resources */ = {isa = PBXBuildFile; fileRef = E42C82412856C8FD00D64DF9 /* Red@3x.png */; };
		E42C82462856C8FE00D64DF9 /* Red@3x~ipad.png in Resources */ = {isa = PBXBuildFile; fileRef = E42C82422856C8FE00D64DF9 /* Red@3x~ipad.png */; };
		E42C82472856C8FE00D64DF9 /* Red@2x~ipad.png in Resources */ = {isa = PBXBuildFile; fileRef = E42C82432856C8FE00D64DF9 /* Red@2x~ipad.png */; };
		E42C82492856C9C600D64DF9 /* MoreAppIconView.swift in Sources */ = {isa = PBXBuildFile; fileRef = E42C82482856C9C600D64DF9 /* MoreAppIconView.swift */; };
		E42C824E2856D4FA00D64DF9 /* MoreDonateView.swift in Sources */ = {isa = PBXBuildFile; fileRef = E42C824D2856D4FA00D64DF9 /* MoreDonateView.swift */; };
		E4319EB0280413BA00D21531 /* BusArrivalv2-2.json in Resources */ = {isa = PBXBuildFile; fileRef = E4319EAF280413BA00D21531 /* BusArrivalv2-2.json */; };
		E4319EB2280413D200D21531 /* BusArrivalv2-3.json in Resources */ = {isa = PBXBuildFile; fileRef = E4319EB1280413D200D21531 /* BusArrivalv2-3.json */; };
		E4319EB4280413FA00D21531 /* JSONUtilities.swift in Sources */ = {isa = PBXBuildFile; fileRef = E4319EB3280413FA00D21531 /* JSONUtilities.swift */; };
		E4319EB6280432C300D21531 /* APIKeys.plist in Resources */ = {isa = PBXBuildFile; fileRef = E4319EB5280432C300D21531 /* APIKeys.plist */; };
		E4319EBC280437BA00D21531 /* BusStopList.swift in Sources */ = {isa = PBXBuildFile; fileRef = E4319EBB280437BA00D21531 /* BusStopList.swift */; };
		E43C8CCA27F7F45D0073F510 /* OceanSansStd-Bold.otf in Resources */ = {isa = PBXBuildFile; fileRef = E43C8CC827F7F45D0073F510 /* OceanSansStd-Bold.otf */; };
		E43C8CCB27F7F45D0073F510 /* OceanSansStd-Book.otf in Resources */ = {isa = PBXBuildFile; fileRef = E43C8CC927F7F45D0073F510 /* OceanSansStd-Book.otf */; };
		E4406AB727EF182500819CDC /* Assets.xcassets in Resources */ = {isa = PBXBuildFile; fileRef = E4406AB627EF182500819CDC /* Assets.xcassets */; };
		E476BF1B280869A500B8524B /* DataFetchers.swift in Sources */ = {isa = PBXBuildFile; fileRef = E476BF1A280869A500B8524B /* DataFetchers.swift */; };
		E476BF1E28086A2D00B8524B /* APIKeyHandler.swift in Sources */ = {isa = PBXBuildFile; fileRef = E476BF1D28086A2D00B8524B /* APIKeyHandler.swift */; };
		E476BF2028086AE500B8524B /* Logging.swift in Sources */ = {isa = PBXBuildFile; fileRef = E476BF1F28086AE500B8524B /* Logging.swift */; };
		E482AC8829A90CAB008DAD30 /* NearbyBusStopCarouselView.swift in Sources */ = {isa = PBXBuildFile; fileRef = E482AC8729A90CAB008DAD30 /* NearbyBusStopCarouselView.swift */; };
		E482AC8A29AAFAF6008DAD30 /* LocationUtilities.swift in Sources */ = {isa = PBXBuildFile; fileRef = E482AC8929AAFAF6008DAD30 /* LocationUtilities.swift */; };
		E4AAD7FC2882C0D800CC63E8 /* ToastView.swift in Sources */ = {isa = PBXBuildFile; fileRef = E4AAD7FB2882C0D800CC63E8 /* ToastView.swift */; };
		E4B70003285637450019F71A /* MainTabView.swift in Sources */ = {isa = PBXBuildFile; fileRef = E4B70002285637450019F71A /* MainTabView.swift */; };
		E4B700052856387E0019F71A /* App.swift in Sources */ = {isa = PBXBuildFile; fileRef = E4B700042856387E0019F71A /* App.swift */; };
		E4B700072856406D0019F71A /* MoreNotificationsView.swift in Sources */ = {isa = PBXBuildFile; fileRef = E4B700062856406D0019F71A /* MoreNotificationsView.swift */; };
		E4B70008285642280019F71A /* Localizable.strings in Resources */ = {isa = PBXBuildFile; fileRef = E4B7000A285642280019F71A /* Localizable.strings */; };
		E4B7000F285649070019F71A /* InfoPlist.strings in Resources */ = {isa = PBXBuildFile; fileRef = E4B70011285649070019F71A /* InfoPlist.strings */; };
		E4B7FFE828544EBC0019F71A /* DirectoryView.swift in Sources */ = {isa = PBXBuildFile; fileRef = E4B7FFE728544EBC0019F71A /* DirectoryView.swift */; };
		E4B7FFF0285467060019F71A /* MoreView.swift in Sources */ = {isa = PBXBuildFile; fileRef = E4B7FFEB285460DE0019F71A /* MoreView.swift */; };
		E4B7FFF32854693B0019F71A /* FavoritesView.swift in Sources */ = {isa = PBXBuildFile; fileRef = E4B7FFF22854693B0019F71A /* FavoritesView.swift */; };
		E4B7FFFA28561DBF0019F71A /* BusStopDetailView.swift in Sources */ = {isa = PBXBuildFile; fileRef = E4B7FFF928561DBF0019F71A /* BusStopDetailView.swift */; };
		E4B7FFFC285620530019F71A /* DirectoryMRTMapView.swift in Sources */ = {isa = PBXBuildFile; fileRef = E4B7FFFB285620530019F71A /* DirectoryMRTMapView.swift */; };
		E4B7FFFF285635470019F71A /* NearbyView.swift in Sources */ = {isa = PBXBuildFile; fileRef = E4B7FFFE285635470019F71A /* NearbyView.swift */; };
		E4BD94A92859C3E900030C7C /* ArrivalInfoDetailView.swift in Sources */ = {isa = PBXBuildFile; fileRef = E4BD94A82859C3E900030C7C /* ArrivalInfoDetailView.swift */; };
		E4BD94AB2859C87300030C7C /* ArrivalInfoCardView.swift in Sources */ = {isa = PBXBuildFile; fileRef = E4BD94AA2859C87300030C7C /* ArrivalInfoCardView.swift */; };
		E4D65F0B2865B97700FE78F4 /* Blue@3x.png in Resources */ = {isa = PBXBuildFile; fileRef = E4D65F072865B97700FE78F4 /* Blue@3x.png */; };
		E4D65F0C2865B97700FE78F4 /* Blue@2x~ipad.png in Resources */ = {isa = PBXBuildFile; fileRef = E4D65F082865B97700FE78F4 /* Blue@2x~ipad.png */; };
		E4D65F0D2865B97800FE78F4 /* Blue@2x.png in Resources */ = {isa = PBXBuildFile; fileRef = E4D65F092865B97700FE78F4 /* Blue@2x.png */; };
		E4D65F0E2865B97800FE78F4 /* Blue@3x~ipad.png in Resources */ = {isa = PBXBuildFile; fileRef = E4D65F0A2865B97700FE78F4 /* Blue@3x~ipad.png */; };
		E4D65F132865BACA00FE78F4 /* Laze@2x.png in Resources */ = {isa = PBXBuildFile; fileRef = E4D65F0F2865BACA00FE78F4 /* Laze@2x.png */; };
		E4D65F142865BACA00FE78F4 /* Laze@3x~ipad.png in Resources */ = {isa = PBXBuildFile; fileRef = E4D65F102865BACA00FE78F4 /* Laze@3x~ipad.png */; };
		E4D65F152865BACA00FE78F4 /* Laze@2x~ipad.png in Resources */ = {isa = PBXBuildFile; fileRef = E4D65F112865BACA00FE78F4 /* Laze@2x~ipad.png */; };
		E4D65F162865BACA00FE78F4 /* Laze@3x.png in Resources */ = {isa = PBXBuildFile; fileRef = E4D65F122865BACA00FE78F4 /* Laze@3x.png */; };
		E4D65F192865BF9400FE78F4 /* NotificationsView.swift in Sources */ = {isa = PBXBuildFile; fileRef = E4D65F182865BF9400FE78F4 /* NotificationsView.swift */; };
		E4E367892804422B0022A5CD /* StringUtilities.swift in Sources */ = {isa = PBXBuildFile; fileRef = E4E367882804422B0022A5CD /* StringUtilities.swift */; };
		E4FFCAC22801604300DCA0EC /* MapKit.framework in Frameworks */ = {isa = PBXBuildFile; fileRef = E4FFCAC12801604300DCA0EC /* MapKit.framework */; };
		E4FFCAC52801627700DCA0EC /* BusStop.swift in Sources */ = {isa = PBXBuildFile; fileRef = E4FFCAC42801627700DCA0EC /* BusStop.swift */; };
		E4FFCAC72801627D00DCA0EC /* BusService.swift in Sources */ = {isa = PBXBuildFile; fileRef = E4FFCAC62801627D00DCA0EC /* BusService.swift */; };
		E4FFCAC92801631800DCA0EC /* BusArrivalInfo.swift in Sources */ = {isa = PBXBuildFile; fileRef = E4FFCAC82801631800DCA0EC /* BusArrivalInfo.swift */; };
		E4FFCACE28018B3500DCA0EC /* BusArrivalv2-1.json in Resources */ = {isa = PBXBuildFile; fileRef = E4FFCACD28018B3500DCA0EC /* BusArrivalv2-1.json */; };
		E4FFCADB2801B23300DCA0EC /* DateUtilities.swift in Sources */ = {isa = PBXBuildFile; fileRef = E4FFCADA2801B23300DCA0EC /* DateUtilities.swift */; };
/* End PBXBuildFile section */

/* Begin PBXCopyFilesBuildPhase section */
		E4A68D6A27F7EF9600D3A6B2 /* Embed Frameworks */ = {
			isa = PBXCopyFilesBuildPhase;
			buildActionMask = 2147483647;
			dstPath = "";
			dstSubfolderSpec = 10;
			files = (
			);
			name = "Embed Frameworks";
			runOnlyForDeploymentPostprocessing = 0;
		};
/* End PBXCopyFilesBuildPhase section */

/* Begin PBXFileReference section */
		D0011E1E285D75FE00742687 /* Favorites.xcdatamodel */ = {isa = PBXFileReference; lastKnownFileType = wrapper.xcdatamodel; path = Favorites.xcdatamodel; sourceTree = "<group>"; };
		D0011E20285D770000742687 /* FavoritesManager.swift */ = {isa = PBXFileReference; lastKnownFileType = sourcecode.swift; path = FavoritesManager.swift; sourceTree = "<group>"; };
		D0011E22285D78D300742687 /* FavoriteList.swift */ = {isa = PBXFileReference; lastKnownFileType = sourcecode.swift; path = FavoriteList.swift; sourceTree = "<group>"; };
		D0011E28285D828800742687 /* FavoriteLocationCarouselView.swift */ = {isa = PBXFileReference; lastKnownFileType = sourcecode.swift; path = FavoriteLocationCarouselView.swift; sourceTree = "<group>"; };
		E407BC95285818490054893A /* MoreAttributionView.swift */ = {isa = PBXFileReference; lastKnownFileType = sourcecode.swift; path = MoreAttributionView.swift; sourceTree = "<group>"; };
		E407BC97285818A70054893A /* MoreStartupTabView.swift */ = {isa = PBXFileReference; lastKnownFileType = sourcecode.swift; path = MoreStartupTabView.swift; sourceTree = "<group>"; };
		E41C1B97285706AB003F1BFB /* RoundedCornersShape.swift */ = {isa = PBXFileReference; lastKnownFileType = sourcecode.swift; path = RoundedCornersShape.swift; sourceTree = "<group>"; };
		E41C1B99285706BE003F1BFB /* Coordinate.swift */ = {isa = PBXFileReference; lastKnownFileType = sourcecode.swift; path = Coordinate.swift; sourceTree = "<group>"; };
		E41C1B9B28570CA1003F1BFB /* CoordinateList.swift */ = {isa = PBXFileReference; lastKnownFileType = sourcecode.swift; path = CoordinateList.swift; sourceTree = "<group>"; };
		E41C1B9D285806A4003F1BFB /* BusNumberPlateView.swift */ = {isa = PBXFileReference; lastKnownFileType = sourcecode.swift; path = BusNumberPlateView.swift; sourceTree = "<group>"; };
		E42C82382856C8C900D64DF9 /* Purple@2x.png */ = {isa = PBXFileReference; lastKnownFileType = image.png; path = "Purple@2x.png"; sourceTree = "<group>"; };
		E42C82392856C8C900D64DF9 /* Purple@3x.png */ = {isa = PBXFileReference; lastKnownFileType = image.png; path = "Purple@3x.png"; sourceTree = "<group>"; };
		E42C823A2856C8C900D64DF9 /* Purple@3x~ipad.png */ = {isa = PBXFileReference; lastKnownFileType = image.png; path = "Purple@3x~ipad.png"; sourceTree = "<group>"; };
		E42C823B2856C8C900D64DF9 /* Purple@2x~ipad.png */ = {isa = PBXFileReference; lastKnownFileType = image.png; path = "Purple@2x~ipad.png"; sourceTree = "<group>"; };
		E42C82402856C8FD00D64DF9 /* Red@2x.png */ = {isa = PBXFileReference; lastKnownFileType = image.png; path = "Red@2x.png"; sourceTree = "<group>"; };
		E42C82412856C8FD00D64DF9 /* Red@3x.png */ = {isa = PBXFileReference; lastKnownFileType = image.png; path = "Red@3x.png"; sourceTree = "<group>"; };
		E42C82422856C8FE00D64DF9 /* Red@3x~ipad.png */ = {isa = PBXFileReference; lastKnownFileType = image.png; path = "Red@3x~ipad.png"; sourceTree = "<group>"; };
		E42C82432856C8FE00D64DF9 /* Red@2x~ipad.png */ = {isa = PBXFileReference; lastKnownFileType = image.png; path = "Red@2x~ipad.png"; sourceTree = "<group>"; };
		E42C82482856C9C600D64DF9 /* MoreAppIconView.swift */ = {isa = PBXFileReference; lastKnownFileType = sourcecode.swift; path = MoreAppIconView.swift; sourceTree = "<group>"; };
		E42C824D2856D4FA00D64DF9 /* MoreDonateView.swift */ = {isa = PBXFileReference; lastKnownFileType = sourcecode.swift; path = MoreDonateView.swift; sourceTree = "<group>"; };
		E4319EAF280413BA00D21531 /* BusArrivalv2-2.json */ = {isa = PBXFileReference; lastKnownFileType = text.json; path = "BusArrivalv2-2.json"; sourceTree = "<group>"; };
		E4319EB1280413D200D21531 /* BusArrivalv2-3.json */ = {isa = PBXFileReference; lastKnownFileType = text.json; path = "BusArrivalv2-3.json"; sourceTree = "<group>"; };
		E4319EB3280413FA00D21531 /* JSONUtilities.swift */ = {isa = PBXFileReference; lastKnownFileType = sourcecode.swift; path = JSONUtilities.swift; sourceTree = "<group>"; };
		E4319EB5280432C300D21531 /* APIKeys.plist */ = {isa = PBXFileReference; lastKnownFileType = text.plist.xml; path = APIKeys.plist; sourceTree = "<group>"; };
		E4319EB7280433B000D21531 /* APIKeys-Sample.plist */ = {isa = PBXFileReference; lastKnownFileType = text.plist.xml; path = "APIKeys-Sample.plist"; sourceTree = "<group>"; };
		E4319EBB280437BA00D21531 /* BusStopList.swift */ = {isa = PBXFileReference; lastKnownFileType = sourcecode.swift; path = BusStopList.swift; sourceTree = "<group>"; };
		E43C8CC827F7F45D0073F510 /* OceanSansStd-Bold.otf */ = {isa = PBXFileReference; lastKnownFileType = file; path = "OceanSansStd-Bold.otf"; sourceTree = "<group>"; };
		E43C8CC927F7F45D0073F510 /* OceanSansStd-Book.otf */ = {isa = PBXFileReference; lastKnownFileType = file; path = "OceanSansStd-Book.otf"; sourceTree = "<group>"; };
		E4406AA827EF182300819CDC /* Buses.app */ = {isa = PBXFileReference; explicitFileType = wrapper.application; includeInIndex = 0; path = Buses.app; sourceTree = BUILT_PRODUCTS_DIR; };
		E4406AB627EF182500819CDC /* Assets.xcassets */ = {isa = PBXFileReference; lastKnownFileType = folder.assetcatalog; path = Assets.xcassets; sourceTree = "<group>"; };
		E4406ABB27EF182500819CDC /* Info.plist */ = {isa = PBXFileReference; lastKnownFileType = text.plist.xml; path = Info.plist; sourceTree = "<group>"; };
		E476BF1A280869A500B8524B /* DataFetchers.swift */ = {isa = PBXFileReference; lastKnownFileType = sourcecode.swift; path = DataFetchers.swift; sourceTree = "<group>"; };
		E476BF1D28086A2D00B8524B /* APIKeyHandler.swift */ = {isa = PBXFileReference; lastKnownFileType = sourcecode.swift; path = APIKeyHandler.swift; sourceTree = "<group>"; };
		E476BF1F28086AE500B8524B /* Logging.swift */ = {isa = PBXFileReference; lastKnownFileType = sourcecode.swift; path = Logging.swift; sourceTree = "<group>"; };
		E482AC8729A90CAB008DAD30 /* NearbyBusStopCarouselView.swift */ = {isa = PBXFileReference; lastKnownFileType = sourcecode.swift; path = NearbyBusStopCarouselView.swift; sourceTree = "<group>"; };
		E482AC8929AAFAF6008DAD30 /* LocationUtilities.swift */ = {isa = PBXFileReference; lastKnownFileType = sourcecode.swift; path = LocationUtilities.swift; sourceTree = "<group>"; };
		E4AAD7FB2882C0D800CC63E8 /* ToastView.swift */ = {isa = PBXFileReference; lastKnownFileType = sourcecode.swift; path = ToastView.swift; sourceTree = "<group>"; };
		E4ADDDF42859978900C8DE21 /* Buses.entitlements */ = {isa = PBXFileReference; lastKnownFileType = text.plist.entitlements; path = Buses.entitlements; sourceTree = "<group>"; };
		E4B70002285637450019F71A /* MainTabView.swift */ = {isa = PBXFileReference; lastKnownFileType = sourcecode.swift; path = MainTabView.swift; sourceTree = "<group>"; };
		E4B700042856387E0019F71A /* App.swift */ = {isa = PBXFileReference; lastKnownFileType = sourcecode.swift; path = App.swift; sourceTree = "<group>"; };
		E4B700062856406D0019F71A /* MoreNotificationsView.swift */ = {isa = PBXFileReference; lastKnownFileType = sourcecode.swift; path = MoreNotificationsView.swift; sourceTree = "<group>"; };
		E4B70009285642280019F71A /* en */ = {isa = PBXFileReference; lastKnownFileType = text.plist.strings; name = en; path = en.lproj/Localizable.strings; sourceTree = "<group>"; };
		E4B7000B285642640019F71A /* ja */ = {isa = PBXFileReference; lastKnownFileType = text.plist.strings; name = ja; path = ja.lproj/Localizable.strings; sourceTree = "<group>"; };
		E4B7000C285642700019F71A /* zh-Hans */ = {isa = PBXFileReference; lastKnownFileType = text.plist.strings; name = "zh-Hans"; path = "zh-Hans.lproj/Localizable.strings"; sourceTree = "<group>"; };
		E4B70010285649070019F71A /* en */ = {isa = PBXFileReference; lastKnownFileType = text.plist.strings; name = en; path = en.lproj/InfoPlist.strings; sourceTree = "<group>"; };
		E4B70013285649090019F71A /* ja */ = {isa = PBXFileReference; lastKnownFileType = text.plist.strings; name = ja; path = ja.lproj/InfoPlist.strings; sourceTree = "<group>"; };
		E4B70014285649280019F71A /* zh-Hans */ = {isa = PBXFileReference; lastKnownFileType = text.plist.strings; name = "zh-Hans"; path = "zh-Hans.lproj/InfoPlist.strings"; sourceTree = "<group>"; };
		E4B7FFE728544EBC0019F71A /* DirectoryView.swift */ = {isa = PBXFileReference; lastKnownFileType = sourcecode.swift; path = DirectoryView.swift; sourceTree = "<group>"; };
		E4B7FFEB285460DE0019F71A /* MoreView.swift */ = {isa = PBXFileReference; lastKnownFileType = sourcecode.swift; path = MoreView.swift; sourceTree = "<group>"; };
		E4B7FFF22854693B0019F71A /* FavoritesView.swift */ = {isa = PBXFileReference; lastKnownFileType = sourcecode.swift; path = FavoritesView.swift; sourceTree = "<group>"; };
		E4B7FFF928561DBF0019F71A /* BusStopDetailView.swift */ = {isa = PBXFileReference; lastKnownFileType = sourcecode.swift; path = BusStopDetailView.swift; sourceTree = "<group>"; };
		E4B7FFFB285620530019F71A /* DirectoryMRTMapView.swift */ = {isa = PBXFileReference; lastKnownFileType = sourcecode.swift; path = DirectoryMRTMapView.swift; sourceTree = "<group>"; };
		E4B7FFFE285635470019F71A /* NearbyView.swift */ = {isa = PBXFileReference; lastKnownFileType = sourcecode.swift; path = NearbyView.swift; sourceTree = "<group>"; };
		E4BD94A82859C3E900030C7C /* ArrivalInfoDetailView.swift */ = {isa = PBXFileReference; lastKnownFileType = sourcecode.swift; path = ArrivalInfoDetailView.swift; sourceTree = "<group>"; };
		E4BD94AA2859C87300030C7C /* ArrivalInfoCardView.swift */ = {isa = PBXFileReference; lastKnownFileType = sourcecode.swift; path = ArrivalInfoCardView.swift; sourceTree = "<group>"; };
		E4D65F072865B97700FE78F4 /* Blue@3x.png */ = {isa = PBXFileReference; lastKnownFileType = image.png; path = "Blue@3x.png"; sourceTree = "<group>"; };
		E4D65F082865B97700FE78F4 /* Blue@2x~ipad.png */ = {isa = PBXFileReference; lastKnownFileType = image.png; path = "Blue@2x~ipad.png"; sourceTree = "<group>"; };
		E4D65F092865B97700FE78F4 /* Blue@2x.png */ = {isa = PBXFileReference; lastKnownFileType = image.png; path = "Blue@2x.png"; sourceTree = "<group>"; };
		E4D65F0A2865B97700FE78F4 /* Blue@3x~ipad.png */ = {isa = PBXFileReference; lastKnownFileType = image.png; path = "Blue@3x~ipad.png"; sourceTree = "<group>"; };
		E4D65F0F2865BACA00FE78F4 /* Laze@2x.png */ = {isa = PBXFileReference; lastKnownFileType = image.png; path = "Laze@2x.png"; sourceTree = "<group>"; };
		E4D65F102865BACA00FE78F4 /* Laze@3x~ipad.png */ = {isa = PBXFileReference; lastKnownFileType = image.png; path = "Laze@3x~ipad.png"; sourceTree = "<group>"; };
		E4D65F112865BACA00FE78F4 /* Laze@2x~ipad.png */ = {isa = PBXFileReference; lastKnownFileType = image.png; path = "Laze@2x~ipad.png"; sourceTree = "<group>"; };
		E4D65F122865BACA00FE78F4 /* Laze@3x.png */ = {isa = PBXFileReference; lastKnownFileType = image.png; path = "Laze@3x.png"; sourceTree = "<group>"; };
		E4D65F182865BF9400FE78F4 /* NotificationsView.swift */ = {isa = PBXFileReference; lastKnownFileType = sourcecode.swift; path = NotificationsView.swift; sourceTree = "<group>"; };
		E4D65F1A2865C58700FE78F4 /* README.md */ = {isa = PBXFileReference; lastKnownFileType = net.daringfireball.markdown; path = README.md; sourceTree = SOURCE_ROOT; };
		E4E367882804422B0022A5CD /* StringUtilities.swift */ = {isa = PBXFileReference; lastKnownFileType = sourcecode.swift; path = StringUtilities.swift; sourceTree = "<group>"; };
		E4FFCAC12801604300DCA0EC /* MapKit.framework */ = {isa = PBXFileReference; lastKnownFileType = wrapper.framework; name = MapKit.framework; path = System/Library/Frameworks/MapKit.framework; sourceTree = SDKROOT; };
		E4FFCAC42801627700DCA0EC /* BusStop.swift */ = {isa = PBXFileReference; lastKnownFileType = sourcecode.swift; path = BusStop.swift; sourceTree = "<group>"; };
		E4FFCAC62801627D00DCA0EC /* BusService.swift */ = {isa = PBXFileReference; lastKnownFileType = sourcecode.swift; path = BusService.swift; sourceTree = "<group>"; };
		E4FFCAC82801631800DCA0EC /* BusArrivalInfo.swift */ = {isa = PBXFileReference; lastKnownFileType = sourcecode.swift; path = BusArrivalInfo.swift; sourceTree = "<group>"; };
		E4FFCACD28018B3500DCA0EC /* BusArrivalv2-1.json */ = {isa = PBXFileReference; lastKnownFileType = text.json; path = "BusArrivalv2-1.json"; sourceTree = "<group>"; };
		E4FFCADA2801B23300DCA0EC /* DateUtilities.swift */ = {isa = PBXFileReference; lastKnownFileType = sourcecode.swift; path = DateUtilities.swift; sourceTree = "<group>"; };
/* End PBXFileReference section */

/* Begin PBXFrameworksBuildPhase section */
		E4406AA527EF182300819CDC /* Frameworks */ = {
			isa = PBXFrameworksBuildPhase;
			buildActionMask = 2147483647;
			files = (
				E4FFCAC22801604300DCA0EC /* MapKit.framework in Frameworks */,
			);
			runOnlyForDeploymentPostprocessing = 0;
		};
/* End PBXFrameworksBuildPhase section */

/* Begin PBXGroup section */
		D0011E1C285D75CB00742687 /* Data */ = {
			isa = PBXGroup;
			children = (
				D0011E1D285D75FE00742687 /* Favorites.xcdatamodeld */,
			);
			path = Data;
			sourceTree = "<group>";
		};
		E41C1B9628570692003F1BFB /* Classes */ = {
			isa = PBXGroup;
			children = (
				E4FFCAC42801627700DCA0EC /* BusStop.swift */,
				E4319EBB280437BA00D21531 /* BusStopList.swift */,
				E41C1B99285706BE003F1BFB /* Coordinate.swift */,
				E41C1B9B28570CA1003F1BFB /* CoordinateList.swift */,
				D0011E20285D770000742687 /* FavoritesManager.swift */,
				D0011E22285D78D300742687 /* FavoriteList.swift */,
			);
			path = Classes;
			sourceTree = "<group>";
		};
		E42C824A2856D1BC00D64DF9 /* Strings */ = {
			isa = PBXGroup;
			children = (
				E4B70011285649070019F71A /* InfoPlist.strings */,
				E4B7000A285642280019F71A /* Localizable.strings */,
			);
			path = Strings;
			sourceTree = "<group>";
		};
		E42C824B2856D1D900D64DF9 /* Fonts */ = {
			isa = PBXGroup;
			children = (
				E43C8CC827F7F45D0073F510 /* OceanSansStd-Bold.otf */,
				E43C8CC927F7F45D0073F510 /* OceanSansStd-Book.otf */,
			);
			path = Fonts;
			sourceTree = "<group>";
		};
		E42C824C2856D1E600D64DF9 /* Icons */ = {
			isa = PBXGroup;
			children = (
				E4D65F092865B97700FE78F4 /* Blue@2x.png */,
				E4D65F082865B97700FE78F4 /* Blue@2x~ipad.png */,
				E4D65F072865B97700FE78F4 /* Blue@3x.png */,
				E4D65F0A2865B97700FE78F4 /* Blue@3x~ipad.png */,
				E4D65F0F2865BACA00FE78F4 /* Laze@2x.png */,
				E4D65F112865BACA00FE78F4 /* Laze@2x~ipad.png */,
				E4D65F122865BACA00FE78F4 /* Laze@3x.png */,
				E4D65F102865BACA00FE78F4 /* Laze@3x~ipad.png */,
				E42C82382856C8C900D64DF9 /* Purple@2x.png */,
				E42C823B2856C8C900D64DF9 /* Purple@2x~ipad.png */,
				E42C82392856C8C900D64DF9 /* Purple@3x.png */,
				E42C823A2856C8C900D64DF9 /* Purple@3x~ipad.png */,
				E42C82402856C8FD00D64DF9 /* Red@2x.png */,
				E42C82432856C8FE00D64DF9 /* Red@2x~ipad.png */,
				E42C82412856C8FD00D64DF9 /* Red@3x.png */,
				E42C82422856C8FE00D64DF9 /* Red@3x~ipad.png */,
			);
			path = Icons;
			sourceTree = "<group>";
		};
		E4406A6927EF13E300819CDC = {
			isa = PBXGroup;
			children = (
				E4406AA927EF182300819CDC /* Buses */,
				E4406A7327EF13E300819CDC /* Products */,
				E4FFCAC02801604300DCA0EC /* Frameworks */,
			);
			sourceTree = "<group>";
		};
		E4406A7327EF13E300819CDC /* Products */ = {
			isa = PBXGroup;
			children = (
				E4406AA827EF182300819CDC /* Buses.app */,
			);
			name = Products;
			sourceTree = "<group>";
		};
		E4406AA927EF182300819CDC /* Buses */ = {
			isa = PBXGroup;
			children = (
				E4ADDDF42859978900C8DE21 /* Buses.entitlements */,
				E4406ABB27EF182500819CDC /* Info.plist */,
				E4406AB627EF182500819CDC /* Assets.xcassets */,
				E42C824C2856D1E600D64DF9 /* Icons */,
				E42C824B2856D1D900D64DF9 /* Fonts */,
				E42C824A2856D1BC00D64DF9 /* Strings */,
				E4FFCAB727F94DE600DCA0EC /* Views */,
				E4FFCAC32801626200DCA0EC /* Structs */,
				E41C1B9628570692003F1BFB /* Classes */,
				E4FFCAD92801B22700DCA0EC /* Utilities */,
				D0011E1C285D75CB00742687 /* Data */,
				E4FFCACC28018B1A00DCA0EC /* Sample Data */,
				E4319EB5280432C300D21531 /* APIKeys.plist */,
				E4319EB7280433B000D21531 /* APIKeys-Sample.plist */,
				E4D65F1A2865C58700FE78F4 /* README.md */,
			);
			path = Buses;
			sourceTree = "<group>";
		};
		E476BF192808699300B8524B /* API Helpers */ = {
			isa = PBXGroup;
			children = (
				E476BF1A280869A500B8524B /* DataFetchers.swift */,
			);
			path = "API Helpers";
			sourceTree = "<group>";
		};
		E476BF1C28086A0F00B8524B /* Global Functions */ = {
			isa = PBXGroup;
			children = (
				E476BF1D28086A2D00B8524B /* APIKeyHandler.swift */,
				E476BF1F28086AE500B8524B /* Logging.swift */,
			);
			path = "Global Functions";
			sourceTree = "<group>";
		};
		E476BF21280873C100B8524B /* Directory */ = {
			isa = PBXGroup;
			children = (
				E4B7FFE728544EBC0019F71A /* DirectoryView.swift */,
				E4B7FFFB285620530019F71A /* DirectoryMRTMapView.swift */,
			);
			path = Directory;
			sourceTree = "<group>";
		};
		E4B7FFED285462E50019F71A /* More */ = {
			isa = PBXGroup;
			children = (
				E4B7FFEB285460DE0019F71A /* MoreView.swift */,
				E407BC97285818A70054893A /* MoreStartupTabView.swift */,
				E42C82482856C9C600D64DF9 /* MoreAppIconView.swift */,
				E4B700062856406D0019F71A /* MoreNotificationsView.swift */,
				E42C824D2856D4FA00D64DF9 /* MoreDonateView.swift */,
				E407BC95285818490054893A /* MoreAttributionView.swift */,
			);
			path = More;
			sourceTree = "<group>";
		};
		E4B7FFF12854692E0019F71A /* Favorites */ = {
			isa = PBXGroup;
			children = (
				E4B7FFF22854693B0019F71A /* FavoritesView.swift */,
				D0011E28285D828800742687 /* FavoriteLocationCarouselView.swift */,
			);
			path = Favorites;
			sourceTree = "<group>";
		};
		E4B7FFF628561DA30019F71A /* Shared */ = {
			isa = PBXGroup;
			children = (
				E4B7FFF928561DBF0019F71A /* BusStopDetailView.swift */,
				E4BD94A82859C3E900030C7C /* ArrivalInfoDetailView.swift */,
				E4BD94AA2859C87300030C7C /* ArrivalInfoCardView.swift */,
				E41C1B9D285806A4003F1BFB /* BusNumberPlateView.swift */,
			);
			path = Shared;
			sourceTree = "<group>";
		};
		E4B7FFFD2856353D0019F71A /* Nearby */ = {
			isa = PBXGroup;
			children = (
				E4B7FFFE285635470019F71A /* NearbyView.swift */,
				E482AC8729A90CAB008DAD30 /* NearbyBusStopCarouselView.swift */,
			);
			path = Nearby;
			sourceTree = "<group>";
		};
		E4D65F172865BF8A00FE78F4 /* Notifications */ = {
			isa = PBXGroup;
			children = (
				E4D65F182865BF9400FE78F4 /* NotificationsView.swift */,
			);
			path = Notifications;
			sourceTree = "<group>";
		};
		E4FFCAB727F94DE600DCA0EC /* Views */ = {
			isa = PBXGroup;
			children = (
				E4B700042856387E0019F71A /* App.swift */,
				E4B70002285637450019F71A /* MainTabView.swift */,
				E4AAD7FB2882C0D800CC63E8 /* ToastView.swift */,
				E4B7FFFD2856353D0019F71A /* Nearby */,
				E4B7FFF12854692E0019F71A /* Favorites */,
				E4D65F172865BF8A00FE78F4 /* Notifications */,
				E476BF21280873C100B8524B /* Directory */,
				E4B7FFED285462E50019F71A /* More */,
				E4B7FFF628561DA30019F71A /* Shared */,
			);
			path = Views;
			sourceTree = "<group>";
		};
		E4FFCAC02801604300DCA0EC /* Frameworks */ = {
			isa = PBXGroup;
			children = (
				E4FFCAC12801604300DCA0EC /* MapKit.framework */,
			);
			name = Frameworks;
			sourceTree = "<group>";
		};
		E4FFCAC32801626200DCA0EC /* Structs */ = {
			isa = PBXGroup;
			children = (
				E4FFCAC62801627D00DCA0EC /* BusService.swift */,
				E4FFCAC82801631800DCA0EC /* BusArrivalInfo.swift */,
				E41C1B97285706AB003F1BFB /* RoundedCornersShape.swift */,
			);
			path = Structs;
			sourceTree = "<group>";
		};
		E4FFCACC28018B1A00DCA0EC /* Sample Data */ = {
			isa = PBXGroup;
			children = (
				E4FFCACD28018B3500DCA0EC /* BusArrivalv2-1.json */,
				E4319EAF280413BA00D21531 /* BusArrivalv2-2.json */,
				E4319EB1280413D200D21531 /* BusArrivalv2-3.json */,
			);
			path = "Sample Data";
			sourceTree = "<group>";
		};
		E4FFCAD92801B22700DCA0EC /* Utilities */ = {
			isa = PBXGroup;
			children = (
				E476BF1C28086A0F00B8524B /* Global Functions */,
				E476BF192808699300B8524B /* API Helpers */,
				E4FFCADA2801B23300DCA0EC /* DateUtilities.swift */,
				E4319EB3280413FA00D21531 /* JSONUtilities.swift */,
				E4E367882804422B0022A5CD /* StringUtilities.swift */,
				E482AC8929AAFAF6008DAD30 /* LocationUtilities.swift */,
			);
			path = Utilities;
			sourceTree = "<group>";
		};
/* End PBXGroup section */

/* Begin PBXNativeTarget section */
		E4406AA727EF182300819CDC /* Buses */ = {
			isa = PBXNativeTarget;
			buildConfigurationList = E4406AD227EF182500819CDC /* Build configuration list for PBXNativeTarget "Buses" */;
			buildPhases = (
				E4406AA427EF182300819CDC /* Sources */,
				E4406AA527EF182300819CDC /* Frameworks */,
				E4406AA627EF182300819CDC /* Resources */,
				E4A68D6A27F7EF9600D3A6B2 /* Embed Frameworks */,
			);
			buildRules = (
			);
			dependencies = (
			);
			name = Buses;
			productName = Buses;
			productReference = E4406AA827EF182300819CDC /* Buses.app */;
			productType = "com.apple.product-type.application";
		};
/* End PBXNativeTarget section */

/* Begin PBXProject section */
		E4406A6A27EF13E300819CDC /* Project object */ = {
			isa = PBXProject;
			attributes = {
				BuildIndependentTargetsInParallel = 1;
				LastSwiftUpdateCheck = 1330;
				LastUpgradeCheck = 1330;
				TargetAttributes = {
					E4406AA727EF182300819CDC = {
						CreatedOnToolsVersion = 13.3;
					};
				};
			};
			buildConfigurationList = E4406A6D27EF13E300819CDC /* Build configuration list for PBXProject "Buses 2" */;
			compatibilityVersion = "Xcode 13.0";
			developmentRegion = en;
			hasScannedForEncodings = 0;
			knownRegions = (
				en,
				Base,
				ja,
				"zh-Hans",
			);
			mainGroup = E4406A6927EF13E300819CDC;
			productRefGroup = E4406A7327EF13E300819CDC /* Products */;
			projectDirPath = "";
			projectRoot = "";
			targets = (
				E4406AA727EF182300819CDC /* Buses */,
			);
		};
/* End PBXProject section */

/* Begin PBXResourcesBuildPhase section */
		E4406AA627EF182300819CDC /* Resources */ = {
			isa = PBXResourcesBuildPhase;
			buildActionMask = 2147483647;
			files = (
				E42C823E2856C8C900D64DF9 /* Purple@3x~ipad.png in Resources */,
				E42C823C2856C8C900D64DF9 /* Purple@2x.png in Resources */,
				E4B7000F285649070019F71A /* InfoPlist.strings in Resources */,
				E43C8CCB27F7F45D0073F510 /* OceanSansStd-Book.otf in Resources */,
				E4D65F162865BACA00FE78F4 /* Laze@3x.png in Resources */,
				E4D65F0D2865B97800FE78F4 /* Blue@2x.png in Resources */,
				E4D65F0C2865B97700FE78F4 /* Blue@2x~ipad.png in Resources */,
				E4D65F132865BACA00FE78F4 /* Laze@2x.png in Resources */,
				E4D65F0E2865B97800FE78F4 /* Blue@3x~ipad.png in Resources */,
				E42C82462856C8FE00D64DF9 /* Red@3x~ipad.png in Resources */,
				E42C82472856C8FE00D64DF9 /* Red@2x~ipad.png in Resources */,
				E4319EB6280432C300D21531 /* APIKeys.plist in Resources */,
				E4FFCACE28018B3500DCA0EC /* BusArrivalv2-1.json in Resources */,
				E42C823D2856C8C900D64DF9 /* Purple@3x.png in Resources */,
				E4B70008285642280019F71A /* Localizable.strings in Resources */,
				E42C82452856C8FE00D64DF9 /* Red@3x.png in Resources */,
				E42C823F2856C8C900D64DF9 /* Purple@2x~ipad.png in Resources */,
				E43C8CCA27F7F45D0073F510 /* OceanSansStd-Bold.otf in Resources */,
				E42C82442856C8FE00D64DF9 /* Red@2x.png in Resources */,
				E4319EB0280413BA00D21531 /* BusArrivalv2-2.json in Resources */,
				E4D65F142865BACA00FE78F4 /* Laze@3x~ipad.png in Resources */,
				E4D65F0B2865B97700FE78F4 /* Blue@3x.png in Resources */,
				E4D65F152865BACA00FE78F4 /* Laze@2x~ipad.png in Resources */,
				E4406AB727EF182500819CDC /* Assets.xcassets in Resources */,
				E4319EB2280413D200D21531 /* BusArrivalv2-3.json in Resources */,
			);
			runOnlyForDeploymentPostprocessing = 0;
		};
/* End PBXResourcesBuildPhase section */

/* Begin PBXSourcesBuildPhase section */
		E4406AA427EF182300819CDC /* Sources */ = {
			isa = PBXSourcesBuildPhase;
			buildActionMask = 2147483647;
			files = (
				E41C1B9C28570CA1003F1BFB /* CoordinateList.swift in Sources */,
				E4B7FFFC285620530019F71A /* DirectoryMRTMapView.swift in Sources */,
				E4BD94AB2859C87300030C7C /* ArrivalInfoCardView.swift in Sources */,
				E4B7FFE828544EBC0019F71A /* DirectoryView.swift in Sources */,
				E41C1B9E285806A4003F1BFB /* BusNumberPlateView.swift in Sources */,
				E4B700052856387E0019F71A /* App.swift in Sources */,
				E482AC8A29AAFAF6008DAD30 /* LocationUtilities.swift in Sources */,
				E4FFCAC72801627D00DCA0EC /* BusService.swift in Sources */,
				E4FFCAC52801627700DCA0EC /* BusStop.swift in Sources */,
				E4B7FFF0285467060019F71A /* MoreView.swift in Sources */,
				E42C82492856C9C600D64DF9 /* MoreAppIconView.swift in Sources */,
				E41C1B98285706AB003F1BFB /* RoundedCornersShape.swift in Sources */,
				E4E367892804422B0022A5CD /* StringUtilities.swift in Sources */,
				E4319EB4280413FA00D21531 /* JSONUtilities.swift in Sources */,
				E476BF2028086AE500B8524B /* Logging.swift in Sources */,
				E4B7FFF32854693B0019F71A /* FavoritesView.swift in Sources */,
				E4B700072856406D0019F71A /* MoreNotificationsView.swift in Sources */,
				E482AC8829A90CAB008DAD30 /* NearbyBusStopCarouselView.swift in Sources */,
				E4B7FFFA28561DBF0019F71A /* BusStopDetailView.swift in Sources */,
				E4D65F192865BF9400FE78F4 /* NotificationsView.swift in Sources */,
				E41C1B9A285706BE003F1BFB /* Coordinate.swift in Sources */,
				E4B7FFFF285635470019F71A /* NearbyView.swift in Sources */,
				E4BD94A92859C3E900030C7C /* ArrivalInfoDetailView.swift in Sources */,
				E476BF1B280869A500B8524B /* DataFetchers.swift in Sources */,
				E4FFCAC92801631800DCA0EC /* BusArrivalInfo.swift in Sources */,
				D0011E21285D770000742687 /* FavoritesManager.swift in Sources */,
				E4FFCADB2801B23300DCA0EC /* DateUtilities.swift in Sources */,
				E4B70003285637450019F71A /* MainTabView.swift in Sources */,
				E4319EBC280437BA00D21531 /* BusStopList.swift in Sources */,
				E42C824E2856D4FA00D64DF9 /* MoreDonateView.swift in Sources */,
				E407BC98285818A70054893A /* MoreStartupTabView.swift in Sources */,
				E4AAD7FC2882C0D800CC63E8 /* ToastView.swift in Sources */,
				D0011E1F285D75FE00742687 /* Favorites.xcdatamodeld in Sources */,
				D0011E23285D78D300742687 /* FavoriteList.swift in Sources */,
				E476BF1E28086A2D00B8524B /* APIKeyHandler.swift in Sources */,
				E407BC96285818490054893A /* MoreAttributionView.swift in Sources */,
				D0011E29285D828800742687 /* FavoriteLocationCarouselView.swift in Sources */,
			);
			runOnlyForDeploymentPostprocessing = 0;
		};
/* End PBXSourcesBuildPhase section */

/* Begin PBXVariantGroup section */
		E4B7000A285642280019F71A /* Localizable.strings */ = {
			isa = PBXVariantGroup;
			children = (
				E4B70009285642280019F71A /* en */,
				E4B7000B285642640019F71A /* ja */,
				E4B7000C285642700019F71A /* zh-Hans */,
			);
			name = Localizable.strings;
			sourceTree = "<group>";
		};
		E4B70011285649070019F71A /* InfoPlist.strings */ = {
			isa = PBXVariantGroup;
			children = (
				E4B70010285649070019F71A /* en */,
				E4B70013285649090019F71A /* ja */,
				E4B70014285649280019F71A /* zh-Hans */,
			);
			name = InfoPlist.strings;
			sourceTree = "<group>";
		};
/* End PBXVariantGroup section */

/* Begin XCBuildConfiguration section */
		E4406A9927EF13E600819CDC /* Debug */ = {
			isa = XCBuildConfiguration;
			buildSettings = {
				ALWAYS_SEARCH_USER_PATHS = NO;
				CLANG_ANALYZER_LOCALIZABILITY_NONLOCALIZED = YES;
				CLANG_ANALYZER_NONNULL = YES;
				CLANG_ANALYZER_NUMBER_OBJECT_CONVERSION = YES_AGGRESSIVE;
				CLANG_CXX_LANGUAGE_STANDARD = "gnu++17";
				CLANG_ENABLE_MODULES = YES;
				CLANG_ENABLE_OBJC_ARC = YES;
				CLANG_ENABLE_OBJC_WEAK = YES;
				CLANG_WARN_BLOCK_CAPTURE_AUTORELEASING = YES;
				CLANG_WARN_BOOL_CONVERSION = YES;
				CLANG_WARN_COMMA = YES;
				CLANG_WARN_CONSTANT_CONVERSION = YES;
				CLANG_WARN_DEPRECATED_OBJC_IMPLEMENTATIONS = YES;
				CLANG_WARN_DIRECT_OBJC_ISA_USAGE = YES_ERROR;
				CLANG_WARN_DOCUMENTATION_COMMENTS = YES;
				CLANG_WARN_EMPTY_BODY = YES;
				CLANG_WARN_ENUM_CONVERSION = YES;
				CLANG_WARN_INFINITE_RECURSION = YES;
				CLANG_WARN_INT_CONVERSION = YES;
				CLANG_WARN_NON_LITERAL_NULL_CONVERSION = YES;
				CLANG_WARN_OBJC_IMPLICIT_RETAIN_SELF = YES;
				CLANG_WARN_OBJC_LITERAL_CONVERSION = YES;
				CLANG_WARN_OBJC_ROOT_CLASS = YES_ERROR;
				CLANG_WARN_QUOTED_INCLUDE_IN_FRAMEWORK_HEADER = YES;
				CLANG_WARN_RANGE_LOOP_ANALYSIS = YES;
				CLANG_WARN_STRICT_PROTOTYPES = YES;
				CLANG_WARN_SUSPICIOUS_MOVE = YES;
				CLANG_WARN_UNGUARDED_AVAILABILITY = YES_AGGRESSIVE;
				CLANG_WARN_UNREACHABLE_CODE = YES;
				CLANG_WARN__DUPLICATE_METHOD_MATCH = YES;
				COPY_PHASE_STRIP = NO;
				DEBUG_INFORMATION_FORMAT = dwarf;
				ENABLE_STRICT_OBJC_MSGSEND = YES;
				ENABLE_TESTABILITY = YES;
				GCC_C_LANGUAGE_STANDARD = gnu11;
				GCC_DYNAMIC_NO_PIC = NO;
				GCC_NO_COMMON_BLOCKS = YES;
				GCC_OPTIMIZATION_LEVEL = 0;
				GCC_PREPROCESSOR_DEFINITIONS = (
					"DEBUG=1",
					"$(inherited)",
				);
				GCC_WARN_64_TO_32_BIT_CONVERSION = YES;
				GCC_WARN_ABOUT_RETURN_TYPE = YES_ERROR;
				GCC_WARN_UNDECLARED_SELECTOR = YES;
				GCC_WARN_UNINITIALIZED_AUTOS = YES_AGGRESSIVE;
				GCC_WARN_UNUSED_FUNCTION = YES;
				GCC_WARN_UNUSED_VARIABLE = YES;
				IPHONEOS_DEPLOYMENT_TARGET = 15.4;
				MTL_ENABLE_DEBUG_INFO = INCLUDE_SOURCE;
				MTL_FAST_MATH = YES;
				ONLY_ACTIVE_ARCH = YES;
				SDKROOT = iphoneos;
				SWIFT_ACTIVE_COMPILATION_CONDITIONS = DEBUG;
				SWIFT_OPTIMIZATION_LEVEL = "-Onone";
			};
			name = Debug;
		};
		E4406A9A27EF13E600819CDC /* Release */ = {
			isa = XCBuildConfiguration;
			buildSettings = {
				ALWAYS_SEARCH_USER_PATHS = NO;
				CLANG_ANALYZER_LOCALIZABILITY_NONLOCALIZED = YES;
				CLANG_ANALYZER_NONNULL = YES;
				CLANG_ANALYZER_NUMBER_OBJECT_CONVERSION = YES_AGGRESSIVE;
				CLANG_CXX_LANGUAGE_STANDARD = "gnu++17";
				CLANG_ENABLE_MODULES = YES;
				CLANG_ENABLE_OBJC_ARC = YES;
				CLANG_ENABLE_OBJC_WEAK = YES;
				CLANG_WARN_BLOCK_CAPTURE_AUTORELEASING = YES;
				CLANG_WARN_BOOL_CONVERSION = YES;
				CLANG_WARN_COMMA = YES;
				CLANG_WARN_CONSTANT_CONVERSION = YES;
				CLANG_WARN_DEPRECATED_OBJC_IMPLEMENTATIONS = YES;
				CLANG_WARN_DIRECT_OBJC_ISA_USAGE = YES_ERROR;
				CLANG_WARN_DOCUMENTATION_COMMENTS = YES;
				CLANG_WARN_EMPTY_BODY = YES;
				CLANG_WARN_ENUM_CONVERSION = YES;
				CLANG_WARN_INFINITE_RECURSION = YES;
				CLANG_WARN_INT_CONVERSION = YES;
				CLANG_WARN_NON_LITERAL_NULL_CONVERSION = YES;
				CLANG_WARN_OBJC_IMPLICIT_RETAIN_SELF = YES;
				CLANG_WARN_OBJC_LITERAL_CONVERSION = YES;
				CLANG_WARN_OBJC_ROOT_CLASS = YES_ERROR;
				CLANG_WARN_QUOTED_INCLUDE_IN_FRAMEWORK_HEADER = YES;
				CLANG_WARN_RANGE_LOOP_ANALYSIS = YES;
				CLANG_WARN_STRICT_PROTOTYPES = YES;
				CLANG_WARN_SUSPICIOUS_MOVE = YES;
				CLANG_WARN_UNGUARDED_AVAILABILITY = YES_AGGRESSIVE;
				CLANG_WARN_UNREACHABLE_CODE = YES;
				CLANG_WARN__DUPLICATE_METHOD_MATCH = YES;
				COPY_PHASE_STRIP = NO;
				DEBUG_INFORMATION_FORMAT = "dwarf-with-dsym";
				ENABLE_NS_ASSERTIONS = NO;
				ENABLE_STRICT_OBJC_MSGSEND = YES;
				GCC_C_LANGUAGE_STANDARD = gnu11;
				GCC_NO_COMMON_BLOCKS = YES;
				GCC_WARN_64_TO_32_BIT_CONVERSION = YES;
				GCC_WARN_ABOUT_RETURN_TYPE = YES_ERROR;
				GCC_WARN_UNDECLARED_SELECTOR = YES;
				GCC_WARN_UNINITIALIZED_AUTOS = YES_AGGRESSIVE;
				GCC_WARN_UNUSED_FUNCTION = YES;
				GCC_WARN_UNUSED_VARIABLE = YES;
				IPHONEOS_DEPLOYMENT_TARGET = 15.4;
				MTL_ENABLE_DEBUG_INFO = NO;
				MTL_FAST_MATH = YES;
				SDKROOT = iphoneos;
				SWIFT_COMPILATION_MODE = wholemodule;
				SWIFT_OPTIMIZATION_LEVEL = "-O";
				VALIDATE_PRODUCT = YES;
			};
			name = Release;
		};
		E4406AD327EF182500819CDC /* Debug */ = {
			isa = XCBuildConfiguration;
			buildSettings = {
				ASSETCATALOG_COMPILER_APPICON_NAME = AppIcon;
				ASSETCATALOG_COMPILER_GLOBAL_ACCENT_COLOR_NAME = AccentColor;
				ASSETCATALOG_COMPILER_INCLUDE_ALL_APPICON_ASSETS = YES;
				CODE_SIGN_ENTITLEMENTS = Buses/Buses.entitlements;
				CODE_SIGN_STYLE = Automatic;
				CURRENT_PROJECT_VERSION = 13;
				DEVELOPMENT_TEAM = YYM4Z6MU8F;
				GENERATE_INFOPLIST_FILE = YES;
				INFOPLIST_FILE = Buses/Info.plist;
				INFOPLIST_KEY_LSApplicationCategoryType = "public.app-category.travel";
				INFOPLIST_KEY_NSLocationUsageDescription = "Buses uses your location to look for bus stops nearby.";
				INFOPLIST_KEY_UIApplicationSceneManifest_Generation = YES;
				INFOPLIST_KEY_UIApplicationSupportsIndirectInputEvents = YES;
				INFOPLIST_KEY_UISupportedInterfaceOrientations = UIInterfaceOrientationPortrait;
				INFOPLIST_KEY_UISupportedInterfaceOrientations_iPad = "UIInterfaceOrientationLandscapeLeft UIInterfaceOrientationLandscapeRight UIInterfaceOrientationPortraitUpsideDown";
				IPHONEOS_DEPLOYMENT_TARGET = 16.0;
				LD_RUNPATH_SEARCH_PATHS = (
					"$(inherited)",
					"@executable_path/Frameworks",
				);
				MARKETING_VERSION = 0.1;
				PRODUCT_BUNDLE_IDENTIFIER = com.tsubuzaki.Tsugi2;
				PRODUCT_NAME = "$(TARGET_NAME)";
				SUPPORTED_PLATFORMS = "iphoneos iphonesimulator";
				SUPPORTS_MACCATALYST = NO;
				SUPPORTS_MAC_DESIGNED_FOR_IPHONE_IPAD = NO;
				SWIFT_EMIT_LOC_STRINGS = YES;
				SWIFT_VERSION = 5.0;
				TARGETED_DEVICE_FAMILY = 1;
			};
			name = Debug;
		};
		E4406AD427EF182500819CDC /* Release */ = {
			isa = XCBuildConfiguration;
			buildSettings = {
				ASSETCATALOG_COMPILER_APPICON_NAME = AppIcon;
				ASSETCATALOG_COMPILER_GLOBAL_ACCENT_COLOR_NAME = AccentColor;
				ASSETCATALOG_COMPILER_INCLUDE_ALL_APPICON_ASSETS = YES;
				CODE_SIGN_ENTITLEMENTS = Buses/Buses.entitlements;
				CODE_SIGN_STYLE = Automatic;
				CURRENT_PROJECT_VERSION = 13;
				DEVELOPMENT_TEAM = YYM4Z6MU8F;
				GENERATE_INFOPLIST_FILE = YES;
				INFOPLIST_FILE = Buses/Info.plist;
				INFOPLIST_KEY_LSApplicationCategoryType = "public.app-category.travel";
				INFOPLIST_KEY_NSLocationUsageDescription = "Buses uses your location to look for bus stops nearby.";
				INFOPLIST_KEY_UIApplicationSceneManifest_Generation = YES;
				INFOPLIST_KEY_UIApplicationSupportsIndirectInputEvents = YES;
				INFOPLIST_KEY_UISupportedInterfaceOrientations = UIInterfaceOrientationPortrait;
				INFOPLIST_KEY_UISupportedInterfaceOrientations_iPad = "UIInterfaceOrientationLandscapeLeft UIInterfaceOrientationLandscapeRight UIInterfaceOrientationPortraitUpsideDown";
				IPHONEOS_DEPLOYMENT_TARGET = 16.0;
				LD_RUNPATH_SEARCH_PATHS = (
					"$(inherited)",
					"@executable_path/Frameworks",
				);
				MARKETING_VERSION = 0.1;
				PRODUCT_BUNDLE_IDENTIFIER = com.tsubuzaki.Tsugi2;
				PRODUCT_NAME = "$(TARGET_NAME)";
				SUPPORTED_PLATFORMS = "iphoneos iphonesimulator";
				SUPPORTS_MACCATALYST = NO;
				SUPPORTS_MAC_DESIGNED_FOR_IPHONE_IPAD = NO;
				SWIFT_EMIT_LOC_STRINGS = YES;
				SWIFT_VERSION = 5.0;
				TARGETED_DEVICE_FAMILY = 1;
			};
			name = Release;
		};
/* End XCBuildConfiguration section */

/* Begin XCConfigurationList section */
		E4406A6D27EF13E300819CDC /* Build configuration list for PBXProject "Buses 2" */ = {
			isa = XCConfigurationList;
			buildConfigurations = (
				E4406A9927EF13E600819CDC /* Debug */,
				E4406A9A27EF13E600819CDC /* Release */,
			);
			defaultConfigurationIsVisible = 0;
			defaultConfigurationName = Release;
		};
		E4406AD227EF182500819CDC /* Build configuration list for PBXNativeTarget "Buses" */ = {
			isa = XCConfigurationList;
			buildConfigurations = (
				E4406AD327EF182500819CDC /* Debug */,
				E4406AD427EF182500819CDC /* Release */,
			);
			defaultConfigurationIsVisible = 0;
			defaultConfigurationName = Release;
		};
/* End XCConfigurationList section */

/* Begin XCVersionGroup section */
		D0011E1D285D75FE00742687 /* Favorites.xcdatamodeld */ = {
			isa = XCVersionGroup;
			children = (
				D0011E1E285D75FE00742687 /* Favorites.xcdatamodel */,
			);
			currentVersion = D0011E1E285D75FE00742687 /* Favorites.xcdatamodel */;
			path = Favorites.xcdatamodeld;
			sourceTree = "<group>";
			versionGroupType = wrapper.xcdatamodel;
		};
/* End XCVersionGroup section */
	};
	rootObject = E4406A6A27EF13E300819CDC /* Project object */;
}
