// !$*UTF8*$!
{
	archiveVersion = 1;
	classes = {
	};
	objectVersion = 77;
	objects = {

/* Begin PBXBuildFile section */
		E482AC9129AC53B2008DAD30 /* WidgetKit.framework in Frameworks */ = {isa = PBXBuildFile; fileRef = E482AC9029AC53B2008DAD30 /* WidgetKit.framework */; };
		E482AC9329AC53B2008DAD30 /* SwiftUI.framework in Frameworks */ = {isa = PBXBuildFile; fileRef = E482AC9229AC53B2008DAD30 /* SwiftUI.framework */; };
		E482ACA329AC53B3008DAD30 /* AssistantExtension.appex in Embed Foundation Extensions */ = {isa = PBXBuildFile; fileRef = E482AC8F29AC53B2008DAD30 /* AssistantExtension.appex */; platformFilter = ios; settings = {ATTRIBUTES = (RemoveHeadersOnCopy, ); }; };
		E4855F252C971B3C00F0C02E /* Komponents in Frameworks */ = {isa = PBXBuildFile; productRef = E4855F242C971B3C00F0C02E /* Komponents */; };
		E4958A1029F3F2B500C5BE28 /* Polyline in Frameworks */ = {isa = PBXBuildFile; productRef = E4958A0F29F3F2B500C5BE28 /* Polyline */; };
		E4C602592A2ADFF20076C7B9 /* VariableBlurView in Frameworks */ = {isa = PBXBuildFile; productRef = E4C602582A2ADFF20076C7B9 /* VariableBlurView */; };
		E4FFCAC22801604300DCA0EC /* MapKit.framework in Frameworks */ = {isa = PBXBuildFile; fileRef = E4FFCAC12801604300DCA0EC /* MapKit.framework */; };
/* End PBXBuildFile section */

/* Begin PBXContainerItemProxy section */
		E482ACA129AC53B3008DAD30 /* PBXContainerItemProxy */ = {
			isa = PBXContainerItemProxy;
			containerPortal = E4406A6A27EF13E300819CDC /* Project object */;
			proxyType = 1;
			remoteGlobalIDString = E482AC8E29AC53B2008DAD30;
			remoteInfo = AssistantExtension;
		};
/* End PBXContainerItemProxy section */

/* Begin PBXCopyFilesBuildPhase section */
		E482ACA729AC53B3008DAD30 /* Embed Foundation Extensions */ = {
			isa = PBXCopyFilesBuildPhase;
			buildActionMask = 2147483647;
			dstPath = "";
			dstSubfolderSpec = 13;
			files = (
				E482ACA329AC53B3008DAD30 /* AssistantExtension.appex in Embed Foundation Extensions */,
			);
			name = "Embed Foundation Extensions";
			runOnlyForDeploymentPostprocessing = 0;
		};
/* End PBXCopyFilesBuildPhase section */

/* Begin PBXFileReference section */
		E4406AA827EF182300819CDC /* Buses.app */ = {isa = PBXFileReference; explicitFileType = wrapper.application; includeInIndex = 0; path = Buses.app; sourceTree = BUILT_PRODUCTS_DIR; };
		E482AC8F29AC53B2008DAD30 /* AssistantExtension.appex */ = {isa = PBXFileReference; explicitFileType = "wrapper.app-extension"; includeInIndex = 0; path = AssistantExtension.appex; sourceTree = BUILT_PRODUCTS_DIR; };
		E482AC9029AC53B2008DAD30 /* WidgetKit.framework */ = {isa = PBXFileReference; lastKnownFileType = wrapper.framework; name = WidgetKit.framework; path = System/Library/Frameworks/WidgetKit.framework; sourceTree = SDKROOT; };
		E482AC9229AC53B2008DAD30 /* SwiftUI.framework */ = {isa = PBXFileReference; lastKnownFileType = wrapper.framework; name = SwiftUI.framework; path = System/Library/Frameworks/SwiftUI.framework; sourceTree = SDKROOT; };
		E49922BE2A454F9C00E2827E /* CoreLocationUI.framework */ = {isa = PBXFileReference; lastKnownFileType = wrapper.framework; name = CoreLocationUI.framework; path = System/Library/Frameworks/CoreLocationUI.framework; sourceTree = SDKROOT; };
		E4FFCAC12801604300DCA0EC /* MapKit.framework */ = {isa = PBXFileReference; lastKnownFileType = wrapper.framework; name = MapKit.framework; path = System/Library/Frameworks/MapKit.framework; sourceTree = SDKROOT; };
/* End PBXFileReference section */

/* Begin PBXFileSystemSynchronizedBuildFileExceptionSet section */
		E493F5CF2F62269A002C936C /* Exceptions for "Assistant" folder in "Buses" target */ = {
			isa = PBXFileSystemSynchronizedBuildFileExceptionSet;
			membershipExceptions = (
				AssistantLiveActivity.swift,
			);
			target = E4406AA727EF182300819CDC /* Buses */;
		};
		E493F5D02F62269A002C936C /* Exceptions for "Assistant" folder in "AssistantExtension" target */ = {
			isa = PBXFileSystemSynchronizedBuildFileExceptionSet;
			membershipExceptions = (
				Info.plist,
			);
			target = E482AC8E29AC53B2008DAD30 /* AssistantExtension */;
		};
		E493F6C72F6226ED002C936C /* Exceptions for "Buses" folder in "Buses" target */ = {
			isa = PBXFileSystemSynchronizedBuildFileExceptionSet;
			membershipExceptions = (
				"APIKeys-Sample.plist",
				Info.plist,
			);
			target = E4406AA727EF182300819CDC /* Buses */;
		};
		E493F6C82F6226ED002C936C /* Exceptions for "Buses" folder in "AssistantExtension" target */ = {
			isa = PBXFileSystemSynchronizedBuildFileExceptionSet;
			membershipExceptions = (
				API/API.swift,
				API/BusArrivalInfo.swift,
				API/BusOperator.swift,
				API/BusRouteDirection.swift,
				API/BusRouteList.swift,
				API/BusRoutePoint.swift,
				API/BusRoutePolyline.swift,
				API/BusService.swift,
				API/BusServiceList.swift,
				API/BusStop.swift,
				API/BusStopList.swift,
				Assets.xcassets,
				Enums/CarouselDisplayMode.swift,
				"Fonts/LTA-Identity.ttf",
				Strings/Localizable.xcstrings,
				Utilities/Extensions/Bundle.swift,
				Utilities/Extensions/Date.swift,
				Utilities/Extensions/String.swift,
				Utilities/Global/DateFormatter.swift,
				Utilities/Global/Logging.swift,
				Utilities/Global/Notifications.swift,
				Utilities/JSONUtilities.swift,
				Utilities/ProperText/ProperText.swift,
				Utilities/ProperText/PTCapitalization.plist,
				Utilities/ProperText/PTTerms.plist,
				Views/Shared/BusNumberPlateView.swift,
				Views/Shared/ProgressBarView.swift,
			);
			target = E482AC8E29AC53B2008DAD30 /* AssistantExtension */;
		};
/* End PBXFileSystemSynchronizedBuildFileExceptionSet section */

/* Begin PBXFileSystemSynchronizedRootGroup section */
		E493F5C42F62268C002C936C /* ci_scripts */ = {
			isa = PBXFileSystemSynchronizedRootGroup;
			path = ci_scripts;
			sourceTree = "<group>";
		};
		E493F5C92F62269A002C936C /* Assistant */ = {
			isa = PBXFileSystemSynchronizedRootGroup;
			exceptions = (
				E493F5CF2F62269A002C936C /* Exceptions for "Assistant" folder in "Buses" target */,
				E493F5D02F62269A002C936C /* Exceptions for "Assistant" folder in "AssistantExtension" target */,
			);
			path = Assistant;
			sourceTree = "<group>";
		};
		E493F65C2F6226ED002C936C /* Buses */ = {
			isa = PBXFileSystemSynchronizedRootGroup;
			exceptions = (
				E493F6C72F6226ED002C936C /* Exceptions for "Buses" folder in "Buses" target */,
				E493F6C82F6226ED002C936C /* Exceptions for "Buses" folder in "AssistantExtension" target */,
			);
			path = Buses;
			sourceTree = "<group>";
		};
/* End PBXFileSystemSynchronizedRootGroup section */

/* Begin PBXFrameworksBuildPhase section */
		E4406AA527EF182300819CDC /* Frameworks */ = {
			isa = PBXFrameworksBuildPhase;
			buildActionMask = 2147483647;
			files = (
				E4855F252C971B3C00F0C02E /* Komponents in Frameworks */,
				E4C602592A2ADFF20076C7B9 /* VariableBlurView in Frameworks */,
				E4958A1029F3F2B500C5BE28 /* Polyline in Frameworks */,
				E4FFCAC22801604300DCA0EC /* MapKit.framework in Frameworks */,
			);
			runOnlyForDeploymentPostprocessing = 0;
		};
		E482AC8C29AC53B2008DAD30 /* Frameworks */ = {
			isa = PBXFrameworksBuildPhase;
			buildActionMask = 2147483647;
			files = (
				E482AC9329AC53B2008DAD30 /* SwiftUI.framework in Frameworks */,
				E482AC9129AC53B2008DAD30 /* WidgetKit.framework in Frameworks */,
			);
			runOnlyForDeploymentPostprocessing = 0;
		};
/* End PBXFrameworksBuildPhase section */

/* Begin PBXGroup section */
		E4406A6927EF13E300819CDC = {
			isa = PBXGroup;
			children = (
				E493F5C42F62268C002C936C /* ci_scripts */,
				E493F65C2F6226ED002C936C /* Buses */,
				E493F5C92F62269A002C936C /* Assistant */,
				E4406A7327EF13E300819CDC /* Products */,
				E4FFCAC02801604300DCA0EC /* Frameworks */,
			);
			sourceTree = "<group>";
		};
		E4406A7327EF13E300819CDC /* Products */ = {
			isa = PBXGroup;
			children = (
				E4406AA827EF182300819CDC /* Buses.app */,
				E482AC8F29AC53B2008DAD30 /* AssistantExtension.appex */,
			);
			name = Products;
			sourceTree = "<group>";
		};
		E4FFCAC02801604300DCA0EC /* Frameworks */ = {
			isa = PBXGroup;
			children = (
				E49922BE2A454F9C00E2827E /* CoreLocationUI.framework */,
				E4FFCAC12801604300DCA0EC /* MapKit.framework */,
				E482AC9029AC53B2008DAD30 /* WidgetKit.framework */,
				E482AC9229AC53B2008DAD30 /* SwiftUI.framework */,
			);
			name = Frameworks;
			sourceTree = "<group>";
		};
/* End PBXGroup section */

/* Begin PBXNativeTarget section */
		E4406AA727EF182300819CDC /* Buses */ = {
			isa = PBXNativeTarget;
			buildConfigurationList = E4406AD227EF182500819CDC /* Build configuration list for PBXNativeTarget "Buses" */;
			buildPhases = (
				E4406AA427EF182300819CDC /* Sources */,
				E4406AA527EF182300819CDC /* Frameworks */,
				E4406AA627EF182300819CDC /* Resources */,
				E482ACA729AC53B3008DAD30 /* Embed Foundation Extensions */,
				E41A78A229EB69E900FAFA52 /* ShellScript */,
			);
			buildRules = (
			);
			dependencies = (
				E482ACA229AC53B3008DAD30 /* PBXTargetDependency */,
			);
			fileSystemSynchronizedGroups = (
				E493F65C2F6226ED002C936C /* Buses */,
			);
			name = Buses;
			packageProductDependencies = (
				E4958A0F29F3F2B500C5BE28 /* Polyline */,
				E4C602582A2ADFF20076C7B9 /* VariableBlurView */,
				E4855F242C971B3C00F0C02E /* Komponents */,
			);
			productName = Buses;
			productReference = E4406AA827EF182300819CDC /* Buses.app */;
			productType = "com.apple.product-type.application";
		};
		E482AC8E29AC53B2008DAD30 /* AssistantExtension */ = {
			isa = PBXNativeTarget;
			buildConfigurationList = E482ACA429AC53B3008DAD30 /* Build configuration list for PBXNativeTarget "AssistantExtension" */;
			buildPhases = (
				E482AC8B29AC53B2008DAD30 /* Sources */,
				E482AC8C29AC53B2008DAD30 /* Frameworks */,
				E482AC8D29AC53B2008DAD30 /* Resources */,
				E493F5C22F622653002C936C /* ShellScript */,
			);
			buildRules = (
			);
			dependencies = (
			);
			fileSystemSynchronizedGroups = (
				E493F5C92F62269A002C936C /* Assistant */,
			);
			name = AssistantExtension;
			productName = AssistantExtension;
			productReference = E482AC8F29AC53B2008DAD30 /* AssistantExtension.appex */;
			productType = "com.apple.product-type.app-extension";
		};
/* End PBXNativeTarget section */

/* Begin PBXProject section */
		E4406A6A27EF13E300819CDC /* Project object */ = {
			isa = PBXProject;
			attributes = {
				BuildIndependentTargetsInParallel = 1;
				LastSwiftUpdateCheck = 1420;
				LastUpgradeCheck = 2610;
				TargetAttributes = {
					E4406AA727EF182300819CDC = {
						CreatedOnToolsVersion = 13.3;
					};
					E482AC8E29AC53B2008DAD30 = {
						CreatedOnToolsVersion = 14.2;
					};
				};
			};
			buildConfigurationList = E4406A6D27EF13E300819CDC /* Build configuration list for PBXProject "Buses 2" */;
			developmentRegion = en;
			hasScannedForEncodings = 0;
			knownRegions = (
				en,
				Base,
				ja,
				ko,
				ms,
				ta,
				th,
				vi,
				"zh-Hans",
			);
			mainGroup = E4406A6927EF13E300819CDC;
			packageReferences = (
				E4958A0E29F3F2B500C5BE28 /* XCRemoteSwiftPackageReference "Polyline" */,
				E4C602572A2ADFF20076C7B9 /* XCRemoteSwiftPackageReference "VariableBlurView" */,
				E4855F232C971B3C00F0C02E /* XCRemoteSwiftPackageReference "Komponents" */,
			);
			preferredProjectObjectVersion = 77;
			productRefGroup = E4406A7327EF13E300819CDC /* Products */;
			projectDirPath = "";
			projectRoot = "";
			targets = (
				E4406AA727EF182300819CDC /* Buses */,
				E482AC8E29AC53B2008DAD30 /* AssistantExtension */,
			);
		};
/* End PBXProject section */

/* Begin PBXResourcesBuildPhase section */
		E4406AA627EF182300819CDC /* Resources */ = {
			isa = PBXResourcesBuildPhase;
			buildActionMask = 2147483647;
			files = (
			);
			runOnlyForDeploymentPostprocessing = 0;
		};
		E482AC8D29AC53B2008DAD30 /* Resources */ = {
			isa = PBXResourcesBuildPhase;
			buildActionMask = 2147483647;
			files = (
			);
			runOnlyForDeploymentPostprocessing = 0;
		};
/* End PBXResourcesBuildPhase section */

/* Begin PBXShellScriptBuildPhase section */
		E41A78A229EB69E900FAFA52 /* ShellScript */ = {
			isa = PBXShellScriptBuildPhase;
			alwaysOutOfDate = 1;
			buildActionMask = 2147483647;
			files = (
			);
			inputFileListPaths = (
			);
			inputPaths = (
			);
			outputFileListPaths = (
			);
			outputPaths = (
			);
			runOnlyForDeploymentPostprocessing = 0;
			shellPath = /bin/sh;
			shellScript = "export PATH=\"$PATH:/opt/homebrew/bin\"\nif which swiftlint > /dev/null; then\n  swiftlint\nelse\n  echo \"warning: SwiftLint not installed, download from https://github.com/realm/SwiftLint\"\nfi\nif [ -f \"unused.rb\" ]; then\n  ruby unused.rb xcode\nelse\n  echo \"warning: unused.rb was not found, download from https://github.com/PaulTaykalo/swift-scripts\"\nfi\n";
		};
		E493F5C22F622653002C936C /* ShellScript */ = {
			isa = PBXShellScriptBuildPhase;
			alwaysOutOfDate = 1;
			buildActionMask = 2147483647;
			files = (
			);
			inputFileListPaths = (
			);
			inputPaths = (
			);
			outputFileListPaths = (
			);
			outputPaths = (
			);
			runOnlyForDeploymentPostprocessing = 0;
			shellPath = /bin/sh;
			shellScript = "export PATH=\"$PATH:/opt/homebrew/bin\"\nif which periphery > /dev/null; then\n  periphery scan --format xcode --skip-build\nelse\n  echo \"warning: Periphery not installed, download from https://github.com/peripheryapp/periphery\"\nfi\nif which swiftlint > /dev/null; then\n  swiftlint\nelse\n  echo \"warning: SwiftLint not installed, download from https://github.com/realm/SwiftLint\"\nfi\n";
		};
/* End PBXShellScriptBuildPhase section */

/* Begin PBXSourcesBuildPhase section */
		E4406AA427EF182300819CDC /* Sources */ = {
			isa = PBXSourcesBuildPhase;
			buildActionMask = 2147483647;
			files = (
			);
			runOnlyForDeploymentPostprocessing = 0;
		};
		E482AC8B29AC53B2008DAD30 /* Sources */ = {
			isa = PBXSourcesBuildPhase;
			buildActionMask = 2147483647;
			files = (
			);
			runOnlyForDeploymentPostprocessing = 0;
		};
/* End PBXSourcesBuildPhase section */

/* Begin PBXTargetDependency section */
		E482ACA229AC53B3008DAD30 /* PBXTargetDependency */ = {
			isa = PBXTargetDependency;
			platformFilter = ios;
			target = E482AC8E29AC53B2008DAD30 /* AssistantExtension */;
			targetProxy = E482ACA129AC53B3008DAD30 /* PBXContainerItemProxy */;
		};
/* End PBXTargetDependency section */

/* Begin XCBuildConfiguration section */
		E4406A9927EF13E600819CDC /* Debug */ = {
			isa = XCBuildConfiguration;
			buildSettings = {
				ALWAYS_SEARCH_USER_PATHS = NO;
				ASSETCATALOG_COMPILER_GENERATE_SWIFT_ASSET_SYMBOL_EXTENSIONS = YES;
				CLANG_ANALYZER_LOCALIZABILITY_NONLOCALIZED = YES;
				CLANG_ANALYZER_NONNULL = YES;
				CLANG_ANALYZER_NUMBER_OBJECT_CONVERSION = YES_AGGRESSIVE;
				CLANG_CXX_LANGUAGE_STANDARD = "gnu++17";
				CLANG_ENABLE_MODULES = YES;
				CLANG_ENABLE_OBJC_ARC = YES;
				CLANG_ENABLE_OBJC_WEAK = YES;
				CLANG_WARN_BLOCK_CAPTURE_AUTORELEASING = YES;
				CLANG_WARN_BOOL_CONVERSION = YES;
				CLANG_WARN_COMMA = YES;
				CLANG_WARN_CONSTANT_CONVERSION = YES;
				CLANG_WARN_DEPRECATED_OBJC_IMPLEMENTATIONS = YES;
				CLANG_WARN_DIRECT_OBJC_ISA_USAGE = YES_ERROR;
				CLANG_WARN_DOCUMENTATION_COMMENTS = YES;
				CLANG_WARN_EMPTY_BODY = YES;
				CLANG_WARN_ENUM_CONVERSION = YES;
				CLANG_WARN_INFINITE_RECURSION = YES;
				CLANG_WARN_INT_CONVERSION = YES;
				CLANG_WARN_NON_LITERAL_NULL_CONVERSION = YES;
				CLANG_WARN_OBJC_IMPLICIT_RETAIN_SELF = YES;
				CLANG_WARN_OBJC_LITERAL_CONVERSION = YES;
				CLANG_WARN_OBJC_ROOT_CLASS = YES_ERROR;
				CLANG_WARN_QUOTED_INCLUDE_IN_FRAMEWORK_HEADER = YES;
				CLANG_WARN_RANGE_LOOP_ANALYSIS = YES;
				CLANG_WARN_STRICT_PROTOTYPES = YES;
				CLANG_WARN_SUSPICIOUS_MOVE = YES;
				CLANG_WARN_UNGUARDED_AVAILABILITY = YES_AGGRESSIVE;
				CLANG_WARN_UNREACHABLE_CODE = YES;
				CLANG_WARN__DUPLICATE_METHOD_MATCH = YES;
				COPY_PHASE_STRIP = NO;
				DEBUG_INFORMATION_FORMAT = dwarf;
				DEVELOPMENT_TEAM = YYM4Z6MU8F;
				ENABLE_STRICT_OBJC_MSGSEND = YES;
				ENABLE_TESTABILITY = YES;
				ENABLE_USER_SCRIPT_SANDBOXING = YES;
				GCC_C_LANGUAGE_STANDARD = gnu11;
				GCC_DYNAMIC_NO_PIC = NO;
				GCC_NO_COMMON_BLOCKS = YES;
				GCC_OPTIMIZATION_LEVEL = 0;
				GCC_PREPROCESSOR_DEFINITIONS = (
					"DEBUG=1",
					"$(inherited)",
				);
				GCC_WARN_64_TO_32_BIT_CONVERSION = YES;
				GCC_WARN_ABOUT_RETURN_TYPE = YES_ERROR;
				GCC_WARN_UNDECLARED_SELECTOR = YES;
				GCC_WARN_UNINITIALIZED_AUTOS = YES_AGGRESSIVE;
				GCC_WARN_UNUSED_FUNCTION = YES;
				GCC_WARN_UNUSED_VARIABLE = YES;
				IPHONEOS_DEPLOYMENT_TARGET = 26.0;
				LOCALIZATION_PREFERS_STRING_CATALOGS = YES;
				MTL_ENABLE_DEBUG_INFO = INCLUDE_SOURCE;
				MTL_FAST_MATH = YES;
				ONLY_ACTIVE_ARCH = YES;
				SDKROOT = iphoneos;
				STRING_CATALOG_GENERATE_SYMBOLS = YES;
				SWIFT_ACTIVE_COMPILATION_CONDITIONS = DEBUG;
				SWIFT_OPTIMIZATION_LEVEL = "-Onone";
				XROS_DEPLOYMENT_TARGET = 1.0;
			};
			name = Debug;
		};
		E4406A9A27EF13E600819CDC /* Release */ = {
			isa = XCBuildConfiguration;
			buildSettings = {
				ALWAYS_SEARCH_USER_PATHS = NO;
				ASSETCATALOG_COMPILER_GENERATE_SWIFT_ASSET_SYMBOL_EXTENSIONS = YES;
				CLANG_ANALYZER_LOCALIZABILITY_NONLOCALIZED = YES;
				CLANG_ANALYZER_NONNULL = YES;
				CLANG_ANALYZER_NUMBER_OBJECT_CONVERSION = YES_AGGRESSIVE;
				CLANG_CXX_LANGUAGE_STANDARD = "gnu++17";
				CLANG_ENABLE_MODULES = YES;
				CLANG_ENABLE_OBJC_ARC = YES;
				CLANG_ENABLE_OBJC_WEAK = YES;
				CLANG_WARN_BLOCK_CAPTURE_AUTORELEASING = YES;
				CLANG_WARN_BOOL_CONVERSION = YES;
				CLANG_WARN_COMMA = YES;
				CLANG_WARN_CONSTANT_CONVERSION = YES;
				CLANG_WARN_DEPRECATED_OBJC_IMPLEMENTATIONS = YES;
				CLANG_WARN_DIRECT_OBJC_ISA_USAGE = YES_ERROR;
				CLANG_WARN_DOCUMENTATION_COMMENTS = YES;
				CLANG_WARN_EMPTY_BODY = YES;
				CLANG_WARN_ENUM_CONVERSION = YES;
				CLANG_WARN_INFINITE_RECURSION = YES;
				CLANG_WARN_INT_CONVERSION = YES;
				CLANG_WARN_NON_LITERAL_NULL_CONVERSION = YES;
				CLANG_WARN_OBJC_IMPLICIT_RETAIN_SELF = YES;
				CLANG_WARN_OBJC_LITERAL_CONVERSION = YES;
				CLANG_WARN_OBJC_ROOT_CLASS = YES_ERROR;
				CLANG_WARN_QUOTED_INCLUDE_IN_FRAMEWORK_HEADER = YES;
				CLANG_WARN_RANGE_LOOP_ANALYSIS = YES;
				CLANG_WARN_STRICT_PROTOTYPES = YES;
				CLANG_WARN_SUSPICIOUS_MOVE = YES;
				CLANG_WARN_UNGUARDED_AVAILABILITY = YES_AGGRESSIVE;
				CLANG_WARN_UNREACHABLE_CODE = YES;
				CLANG_WARN__DUPLICATE_METHOD_MATCH = YES;
				COPY_PHASE_STRIP = NO;
				DEBUG_INFORMATION_FORMAT = "dwarf-with-dsym";
				DEVELOPMENT_TEAM = YYM4Z6MU8F;
				ENABLE_NS_ASSERTIONS = NO;
				ENABLE_STRICT_OBJC_MSGSEND = YES;
				ENABLE_USER_SCRIPT_SANDBOXING = YES;
				GCC_C_LANGUAGE_STANDARD = gnu11;
				GCC_NO_COMMON_BLOCKS = YES;
				GCC_WARN_64_TO_32_BIT_CONVERSION = YES;
				GCC_WARN_ABOUT_RETURN_TYPE = YES_ERROR;
				GCC_WARN_UNDECLARED_SELECTOR = YES;
				GCC_WARN_UNINITIALIZED_AUTOS = YES_AGGRESSIVE;
				GCC_WARN_UNUSED_FUNCTION = YES;
				GCC_WARN_UNUSED_VARIABLE = YES;
				IPHONEOS_DEPLOYMENT_TARGET = 26.0;
				LOCALIZATION_PREFERS_STRING_CATALOGS = YES;
				MTL_ENABLE_DEBUG_INFO = NO;
				MTL_FAST_MATH = YES;
				SDKROOT = iphoneos;
				STRING_CATALOG_GENERATE_SYMBOLS = YES;
				SWIFT_COMPILATION_MODE = wholemodule;
				SWIFT_OPTIMIZATION_LEVEL = "-O";
				VALIDATE_PRODUCT = YES;
				XROS_DEPLOYMENT_TARGET = 1.0;
			};
			name = Release;
		};
		E4406AD327EF182500819CDC /* Debug */ = {
			isa = XCBuildConfiguration;
			buildSettings = {
				ASSETCATALOG_COMPILER_APPICON_NAME = AppIcon;
				ASSETCATALOG_COMPILER_GLOBAL_ACCENT_COLOR_NAME = AccentColor;
				ASSETCATALOG_COMPILER_INCLUDE_ALL_APPICON_ASSETS = YES;
				CODE_SIGN_ENTITLEMENTS = Buses/Buses.entitlements;
				CODE_SIGN_STYLE = Automatic;
				CURRENT_PROJECT_VERSION = 1;
				ENABLE_APP_SANDBOX = YES;
				ENABLE_OUTGOING_NETWORK_CONNECTIONS = YES;
				ENABLE_RESOURCE_ACCESS_LOCATION = YES;
				GENERATE_INFOPLIST_FILE = YES;
				INFOPLIST_FILE = Buses/Info.plist;
				INFOPLIST_KEY_LSApplicationCategoryType = "public.app-category.travel";
				INFOPLIST_KEY_NSLocationWhenInUseUsageDescription = "Buses uses your location to look for bus stops nearby.";
				INFOPLIST_KEY_NSSupportsLiveActivities = YES;
				INFOPLIST_KEY_UIApplicationSceneManifest_Generation = YES;
				INFOPLIST_KEY_UIApplicationSupportsIndirectInputEvents = YES;
				INFOPLIST_KEY_UISupportedInterfaceOrientations = UIInterfaceOrientationPortrait;
				INFOPLIST_KEY_UISupportedInterfaceOrientations_iPad = "UIInterfaceOrientationLandscapeLeft UIInterfaceOrientationLandscapeRight UIInterfaceOrientationPortraitUpsideDown";
				IPHONEOS_DEPLOYMENT_TARGET = 26.0;
				LD_RUNPATH_SEARCH_PATHS = (
					"$(inherited)",
					"@executable_path/Frameworks",
				);
				MACOSX_DEPLOYMENT_TARGET = 13.0;
				MARKETING_VERSION = 1.4;
				PRODUCT_BUNDLE_IDENTIFIER = com.tsubuzaki.Tsugi2;
				PRODUCT_NAME = "$(TARGET_NAME)";
				SUPPORTED_PLATFORMS = "iphoneos iphonesimulator xros xrsimulator";
				SUPPORTS_MACCATALYST = NO;
				SUPPORTS_MAC_DESIGNED_FOR_IPHONE_IPAD = NO;
				SUPPORTS_XR_DESIGNED_FOR_IPHONE_IPAD = NO;
				SWIFT_EMIT_LOC_STRINGS = YES;
				SWIFT_VERSION = 5.0;
				TARGETED_DEVICE_FAMILY = 1;
			};
			name = Debug;
		};
		E4406AD427EF182500819CDC /* Release */ = {
			isa = XCBuildConfiguration;
			buildSettings = {
				ASSETCATALOG_COMPILER_APPICON_NAME = AppIcon;
				ASSETCATALOG_COMPILER_GLOBAL_ACCENT_COLOR_NAME = AccentColor;
				ASSETCATALOG_COMPILER_INCLUDE_ALL_APPICON_ASSETS = YES;
				CODE_SIGN_ENTITLEMENTS = Buses/Buses.entitlements;
				CODE_SIGN_STYLE = Automatic;
				CURRENT_PROJECT_VERSION = 1;
				ENABLE_APP_SANDBOX = YES;
				ENABLE_OUTGOING_NETWORK_CONNECTIONS = YES;
				ENABLE_RESOURCE_ACCESS_LOCATION = YES;
				GENERATE_INFOPLIST_FILE = YES;
				INFOPLIST_FILE = Buses/Info.plist;
				INFOPLIST_KEY_LSApplicationCategoryType = "public.app-category.travel";
				INFOPLIST_KEY_NSLocationWhenInUseUsageDescription = "Buses uses your location to look for bus stops nearby.";
				INFOPLIST_KEY_NSSupportsLiveActivities = YES;
				INFOPLIST_KEY_UIApplicationSceneManifest_Generation = YES;
				INFOPLIST_KEY_UIApplicationSupportsIndirectInputEvents = YES;
				INFOPLIST_KEY_UISupportedInterfaceOrientations = UIInterfaceOrientationPortrait;
				INFOPLIST_KEY_UISupportedInterfaceOrientations_iPad = "UIInterfaceOrientationLandscapeLeft UIInterfaceOrientationLandscapeRight UIInterfaceOrientationPortraitUpsideDown";
				IPHONEOS_DEPLOYMENT_TARGET = 26.0;
				LD_RUNPATH_SEARCH_PATHS = (
					"$(inherited)",
					"@executable_path/Frameworks",
				);
				MACOSX_DEPLOYMENT_TARGET = 13.0;
				MARKETING_VERSION = 1.4;
				PRODUCT_BUNDLE_IDENTIFIER = com.tsubuzaki.Tsugi2;
				PRODUCT_NAME = "$(TARGET_NAME)";
				SUPPORTED_PLATFORMS = "iphoneos iphonesimulator xros xrsimulator";
				SUPPORTS_MACCATALYST = NO;
				SUPPORTS_MAC_DESIGNED_FOR_IPHONE_IPAD = NO;
				SUPPORTS_XR_DESIGNED_FOR_IPHONE_IPAD = NO;
				SWIFT_EMIT_LOC_STRINGS = YES;
				SWIFT_VERSION = 5.0;
				TARGETED_DEVICE_FAMILY = 1;
			};
			name = Release;
		};
		E482ACA529AC53B3008DAD30 /* Debug */ = {
			isa = XCBuildConfiguration;
			buildSettings = {
				ASSETCATALOG_COMPILER_GLOBAL_ACCENT_COLOR_NAME = AccentColor;
				ASSETCATALOG_COMPILER_WIDGET_BACKGROUND_COLOR_NAME = WidgetBackground;
				CLANG_CXX_LANGUAGE_STANDARD = "gnu++20";
				CODE_SIGN_STYLE = Automatic;
				CURRENT_PROJECT_VERSION = 1;
				ENABLE_USER_SCRIPT_SANDBOXING = NO;
				GENERATE_INFOPLIST_FILE = YES;
				INFOPLIST_FILE = Assistant/Info.plist;
				INFOPLIST_KEY_CFBundleDisplayName = Assistant;
				INFOPLIST_KEY_NSHumanReadableCopyright = "";
				IPHONEOS_DEPLOYMENT_TARGET = 26.0;
				LD_RUNPATH_SEARCH_PATHS = (
					"$(inherited)",
					"@executable_path/Frameworks",
					"@executable_path/../../Frameworks",
				);
				MARKETING_VERSION = 1.4;
				PRODUCT_BUNDLE_IDENTIFIER = com.tsubuzaki.Tsugi2.Assistant;
				PRODUCT_NAME = "$(TARGET_NAME)";
				SKIP_INSTALL = YES;
				SUPPORTED_PLATFORMS = "iphoneos iphonesimulator";
				SUPPORTS_MACCATALYST = NO;
				SUPPORTS_MAC_DESIGNED_FOR_IPHONE_IPAD = NO;
				SUPPORTS_XR_DESIGNED_FOR_IPHONE_IPAD = NO;
				SWIFT_EMIT_LOC_STRINGS = YES;
				SWIFT_VERSION = 5.0;
				TARGETED_DEVICE_FAMILY = 1;
			};
			name = Debug;
		};
		E482ACA629AC53B3008DAD30 /* Release */ = {
			isa = XCBuildConfiguration;
			buildSettings = {
				ASSETCATALOG_COMPILER_GLOBAL_ACCENT_COLOR_NAME = AccentColor;
				ASSETCATALOG_COMPILER_WIDGET_BACKGROUND_COLOR_NAME = WidgetBackground;
				CLANG_CXX_LANGUAGE_STANDARD = "gnu++20";
				CODE_SIGN_STYLE = Automatic;
				CURRENT_PROJECT_VERSION = 1;
				ENABLE_USER_SCRIPT_SANDBOXING = NO;
				GENERATE_INFOPLIST_FILE = YES;
				INFOPLIST_FILE = Assistant/Info.plist;
				INFOPLIST_KEY_CFBundleDisplayName = Assistant;
				INFOPLIST_KEY_NSHumanReadableCopyright = "";
				IPHONEOS_DEPLOYMENT_TARGET = 26.0;
				LD_RUNPATH_SEARCH_PATHS = (
					"$(inherited)",
					"@executable_path/Frameworks",
					"@executable_path/../../Frameworks",
				);
				MARKETING_VERSION = 1.4;
				PRODUCT_BUNDLE_IDENTIFIER = com.tsubuzaki.Tsugi2.Assistant;
				PRODUCT_NAME = "$(TARGET_NAME)";
				SKIP_INSTALL = YES;
				SUPPORTED_PLATFORMS = "iphoneos iphonesimulator";
				SUPPORTS_MACCATALYST = NO;
				SUPPORTS_MAC_DESIGNED_FOR_IPHONE_IPAD = NO;
				SUPPORTS_XR_DESIGNED_FOR_IPHONE_IPAD = NO;
				SWIFT_EMIT_LOC_STRINGS = YES;
				SWIFT_VERSION = 5.0;
				TARGETED_DEVICE_FAMILY = 1;
			};
			name = Release;
		};
/* End XCBuildConfiguration section */

/* Begin XCConfigurationList section */
		E4406A6D27EF13E300819CDC /* Build configuration list for PBXProject "Buses 2" */ = {
			isa = XCConfigurationList;
			buildConfigurations = (
				E4406A9927EF13E600819CDC /* Debug */,
				E4406A9A27EF13E600819CDC /* Release */,
			);
			defaultConfigurationIsVisible = 0;
			defaultConfigurationName = Release;
		};
		E4406AD227EF182500819CDC /* Build configuration list for PBXNativeTarget "Buses" */ = {
			isa = XCConfigurationList;
			buildConfigurations = (
				E4406AD327EF182500819CDC /* Debug */,
				E4406AD427EF182500819CDC /* Release */,
			);
			defaultConfigurationIsVisible = 0;
			defaultConfigurationName = Release;
		};
		E482ACA429AC53B3008DAD30 /* Build configuration list for PBXNativeTarget "AssistantExtension" */ = {
			isa = XCConfigurationList;
			buildConfigurations = (
				E482ACA529AC53B3008DAD30 /* Debug */,
				E482ACA629AC53B3008DAD30 /* Release */,
			);
			defaultConfigurationIsVisible = 0;
			defaultConfigurationName = Release;
		};
/* End XCConfigurationList section */

/* Begin XCRemoteSwiftPackageReference section */
		E4855F232C971B3C00F0C02E /* XCRemoteSwiftPackageReference "Komponents" */ = {
			isa = XCRemoteSwiftPackageReference;
			repositoryURL = "https://github.com/katagaki/Komponents";
			requirement = {
				branch = main;
				kind = branch;
			};
		};
		E4958A0E29F3F2B500C5BE28 /* XCRemoteSwiftPackageReference "Polyline" */ = {
			isa = XCRemoteSwiftPackageReference;
			repositoryURL = "https://github.com/raphaelmor/Polyline.git";
			requirement = {
				branch = master;
				kind = branch;
			};
		};
		E4C602572A2ADFF20076C7B9 /* XCRemoteSwiftPackageReference "VariableBlurView" */ = {
			isa = XCRemoteSwiftPackageReference;
			repositoryURL = "https://github.com/aheze/VariableBlurView";
			requirement = {
				kind = upToNextMajorVersion;
				minimumVersion = 1.0.0;
			};
		};
/* End XCRemoteSwiftPackageReference section */

/* Begin XCSwiftPackageProductDependency section */
		E4855F242C971B3C00F0C02E /* Komponents */ = {
			isa = XCSwiftPackageProductDependency;
			package = E4855F232C971B3C00F0C02E /* XCRemoteSwiftPackageReference "Komponents" */;
			productName = Komponents;
		};
		E4958A0F29F3F2B500C5BE28 /* Polyline */ = {
			isa = XCSwiftPackageProductDependency;
			package = E4958A0E29F3F2B500C5BE28 /* XCRemoteSwiftPackageReference "Polyline" */;
			productName = Polyline;
		};
		E4C602582A2ADFF20076C7B9 /* VariableBlurView */ = {
			isa = XCSwiftPackageProductDependency;
			package = E4C602572A2ADFF20076C7B9 /* XCRemoteSwiftPackageReference "VariableBlurView" */;
			productName = VariableBlurView;
		};
/* End XCSwiftPackageProductDependency section */
	};
	rootObject = E4406A6A27EF13E300819CDC /* Project object */;
}
