{
  "originHash" : "fd91fcfb81b0f453923e0e82528bb787bf037997e63bdcbad6bec10e9f4a15fc",
  "pins" : [
    {
      "identity" : "komponents",
      "kind" : "remoteSourceControl",
      "location" : "https://github.com/katagaki/Komponents",
      "state" : {
        "branch" : "main",
        "revision" : "cb0a6a60bc091627c11e6eca511279414fd1d45e"
      }
    },
    {
      "identity" : "polyline",
      "kind" : "remoteSourceControl",
      "location" : "https://github.com/raphaelmor/Polyline.git",
      "state" : {
        "branch" : "master",
        "revision" : "353f80378dcd8f17eefe8550090c6b1ae3c9da23"
      }
    },
    {
      "identity" : "variableblurview",
      "kind" : "remoteSourceControl",
      "location" : "https://github.com/aheze/VariableBlurView",
      "state" : {
        "revision" : "5646a3e7fe418c587db7e55e5b24138a628dc72d",
        "version" : "1.0.2"
      }
    }
  ],
  "version" : 3
}
